{
  "version": 4,
  "terraform_version": "1.10.5",
  "serial": 1150,
  "lineage": "f3fd23a5-f3a2-be1a-f597-b65ca200e74d",
  "outputs": {
    "mysql_private_ip": {
      "value": "10.0.2.181",
      "type": "string"
    },
    "webapp_lb_dns": {
      "value": "api-nlb-6ff57fa3a740a8d1.elb.us-east-2.amazonaws.com",
      "type": "string"
    }
  },
  "resources": [
    {
      "mode": "managed",
      "type": "aws_autoscaling_group",
      "name": "webapp_asg",
      "provider": "provider[\"registry.terraform.io/hashicorp/aws\"]",
      "instances": [
        {
          "schema_version": 0,
          "attributes": {
            "arn": "arn:aws:autoscaling:us-east-2:216989117911:autoScalingGroup:eba0fa9e-46db-43a3-86c4-06ec73e5f2f9:autoScalingGroupName/terraform-20250408222920616000000008",
            "availability_zones": [
              "us-east-2a"
            ],
            "capacity_rebalance": false,
            "context": "",
            "default_cooldown": 300,
            "default_instance_warmup": 0,
            "desired_capacity": 1,
            "desired_capacity_type": "",
            "enabled_metrics": null,
            "force_delete": false,
            "force_delete_warm_pool": false,
            "health_check_grace_period": 300,
            "health_check_type": "ELB",
            "id": "terraform-20250408222920616000000008",
            "initial_lifecycle_hook": [],
            "instance_refresh": [],
            "launch_configuration": "",
            "launch_template": [
              {
                "id": "lt-062f0318056922296",
                "name": "webapp-lt20250408222920240100000006",
                "version": "$Latest"
              }
            ],
            "load_balancers": null,
            "max_instance_lifetime": 0,
            "max_size": 1,
            "metrics_granularity": "1Minute",
            "min_elb_capacity": null,
            "min_size": 1,
            "mixed_instances_policy": [],
            "name": "terraform-20250408222920616000000008",
            "name_prefix": "terraform-",
            "placement_group": "",
            "predicted_capacity": 0,
            "protect_from_scale_in": false,
            "service_linked_role_arn": "arn:aws:iam::216989117911:role/aws-service-role/autoscaling.amazonaws.com/AWSServiceRoleForAutoScaling",
            "suspended_processes": null,
            "tag": [
              {
                "key": "Name",
                "propagate_at_launch": true,
                "value": "WebApp-Instance"
              }
            ],
            "tags": null,
            "target_group_arns": [
              "arn:aws:elasticloadbalancing:us-east-2:216989117911:targetgroup/nlb-tg01/b96e485a61941dc8"
            ],
            "termination_policies": null,
            "timeouts": null,
            "vpc_zone_identifier": [
              "subnet-0e5ff7ea71c1cadaa"
            ],
            "wait_for_capacity_timeout": "10m",
            "wait_for_elb_capacity": null,
            "warm_pool": [],
            "warm_pool_size": 0
          },
          "sensitive_attributes": [],
          "private": "eyJlMmJmYjczMC1lY2FhLTExZTYtOGY4OC0zNDM2M2JjN2M0YzAiOnsiZGVsZXRlIjo2MDAwMDAwMDAwMDAsInVwZGF0ZSI6NjAwMDAwMDAwMDAwfX0=",
          "dependencies": [
            "aws_instance.mysql",
            "aws_key_pair.deployer",
            "aws_launch_template.webapp_lt",
            "aws_lb_target_group.nlb_tg01",
            "aws_security_group.mysql_sg",
            "aws_security_group.nlb_sg",
            "aws_security_group.webapp_sg",
            "aws_subnet.private_subnet",
            "aws_subnet.public_subnet",
            "aws_vpc.main",
            "tls_private_key.deployer"
          ],
          "create_before_destroy": true
        }
      ]
    },
    {
      "mode": "managed",
      "type": "aws_eip",
      "name": "nat",
      "provider": "provider[\"registry.terraform.io/hashicorp/aws\"]",
      "instances": [
        {
          "schema_version": 0,
          "attributes": {
            "address": null,
            "allocation_id": "eipalloc-0bf595e4e957ac420",
            "associate_with_private_ip": null,
            "association_id": "",
            "carrier_ip": "",
            "customer_owned_ip": "",
            "customer_owned_ipv4_pool": "",
            "domain": "vpc",
            "id": "eipalloc-0bf595e4e957ac420",
            "instance": "",
            "network_border_group": "us-east-2",
            "network_interface": "",
            "private_dns": null,
            "private_ip": "",
            "public_dns": "ec2-3-140-66-241.us-east-2.compute.amazonaws.com",
            "public_ip": "3.140.66.241",
            "public_ipv4_pool": "amazon",
            "tags": null,
            "tags_all": {},
            "timeouts": null,
            "vpc": true
          },
          "sensitive_attributes": [],
          "private": "eyJlMmJmYjczMC1lY2FhLTExZTYtOGY4OC0zNDM2M2JjN2M0YzAiOnsiZGVsZXRlIjoxODAwMDAwMDAwMDAsInJlYWQiOjkwMDAwMDAwMDAwMCwidXBkYXRlIjozMDAwMDAwMDAwMDB9fQ=="
        }
      ]
    },
    {
      "mode": "managed",
      "type": "aws_instance",
      "name": "mysql",
      "provider": "provider[\"registry.terraform.io/hashicorp/aws\"]",
      "instances": [
        {
          "schema_version": 1,
          "attributes": {
            "ami": "ami-0291ac13f72d17c4a",
            "arn": "arn:aws:ec2:us-east-2:216989117911:instance/i-0cd7109816ebc22d4",
            "associate_public_ip_address": false,
            "availability_zone": "us-east-2c",
            "capacity_reservation_specification": [
              {
                "capacity_reservation_preference": "open",
                "capacity_reservation_target": []
              }
            ],
            "cpu_core_count": 1,
            "cpu_options": [
              {
                "amd_sev_snp": "",
                "core_count": 1,
                "threads_per_core": 1
              }
            ],
            "cpu_threads_per_core": 1,
            "credit_specification": [
              {
                "cpu_credits": "standard"
              }
            ],
            "disable_api_stop": false,
            "disable_api_termination": false,
            "ebs_block_device": [
              {
                "delete_on_termination": false,
                "device_name": "/dev/sdx",
                "encrypted": false,
                "iops": 3000,
                "kms_key_id": "",
                "snapshot_id": "snap-09a452d0f31e793c5",
                "tags": {},
                "throughput": 125,
                "volume_id": "vol-088ba16f13fb15833",
                "volume_size": 8,
                "volume_type": "gp3"
              }
            ],
            "ebs_optimized": false,
            "enclave_options": [
              {
                "enabled": false
              }
            ],
            "ephemeral_block_device": [],
            "get_password_data": false,
            "hibernation": false,
            "host_id": "",
            "host_resource_group_arn": null,
            "iam_instance_profile": "",
            "id": "i-0cd7109816ebc22d4",
            "instance_initiated_shutdown_behavior": "stop",
            "instance_state": "running",
            "instance_type": "t2.micro",
            "ipv6_address_count": 0,
            "ipv6_addresses": [],
            "key_name": "deployer-key",
            "launch_template": [],
            "maintenance_options": [
              {
                "auto_recovery": "default"
              }
            ],
            "metadata_options": [
              {
                "http_endpoint": "enabled",
                "http_put_response_hop_limit": 2,
                "http_tokens": "required",
                "instance_metadata_tags": "disabled"
              }
            ],
            "monitoring": false,
            "network_interface": [],
            "outpost_arn": "",
            "password_data": "",
            "placement_group": "",
            "placement_partition_number": 0,
            "primary_network_interface_id": "eni-0e7dd6a7341329638",
            "private_dns": "ip-10-0-2-181.us-east-2.compute.internal",
            "private_dns_name_options": [
              {
                "enable_resource_name_dns_a_record": false,
                "enable_resource_name_dns_aaaa_record": false,
                "hostname_type": "ip-name"
              }
            ],
            "private_ip": "10.0.2.181",
            "public_dns": "",
            "public_ip": "",
            "root_block_device": [
              {
                "delete_on_termination": true,
                "device_name": "/dev/sda1",
                "encrypted": false,
                "iops": 3000,
                "kms_key_id": "",
                "tags": {},
                "throughput": 125,
                "volume_id": "vol-0ad1ecbbf3911e04b",
                "volume_size": 8,
                "volume_type": "gp3"
              }
            ],
            "secondary_private_ips": [],
            "security_groups": [
              "sg-0827197115cd3bca8"
            ],
            "source_dest_check": true,
            "subnet_id": "subnet-027d0c9f9f98b9e4a",
            "tags": {
              "Name": "MySQL"
            },
            "tags_all": {
              "Name": "MySQL"
            },
            "tenancy": "default",
            "timeouts": null,
            "user_data": "76ca65a79ce87668cf931617f2f31f309970ed2d",
            "user_data_base64": null,
            "user_data_replace_on_change": false,
            "volume_tags": null,
            "vpc_security_group_ids": [
              "sg-0827197115cd3bca8"
            ]
          },
          "sensitive_attributes": [
            [
              {
                "type": "get_attr",
                "value": "user_data"
              }
            ]
          ],
          "private": "eyJlMmJmYjczMC1lY2FhLTExZTYtOGY4OC0zNDM2M2JjN2M0YzAiOnsiY3JlYXRlIjo2MDAwMDAwMDAwMDAsImRlbGV0ZSI6MTIwMDAwMDAwMDAwMCwidXBkYXRlIjo2MDAwMDAwMDAwMDB9LCJzY2hlbWFfdmVyc2lvbiI6IjEifQ==",
          "dependencies": [
            "aws_key_pair.deployer",
            "aws_security_group.mysql_sg",
            "aws_security_group.nlb_sg",
            "aws_security_group.webapp_sg",
            "aws_subnet.private_subnet",
            "aws_vpc.main",
            "tls_private_key.deployer"
          ],
          "create_before_destroy": true
        }
      ]
    },
    {
      "mode": "managed",
      "type": "aws_internet_gateway",
      "name": "igw",
      "provider": "provider[\"registry.terraform.io/hashicorp/aws\"]",
      "instances": [
        {
          "schema_version": 0,
          "attributes": {
            "arn": "arn:aws:ec2:us-east-2:216989117911:internet-gateway/igw-00e4c7069a1a0a645",
            "id": "igw-00e4c7069a1a0a645",
            "owner_id": "216989117911",
            "tags": null,
            "tags_all": {},
            "timeouts": null,
            "vpc_id": "vpc-02eddfdc737850bb9"
          },
          "sensitive_attributes": [],
          "private": "eyJlMmJmYjczMC1lY2FhLTExZTYtOGY4OC0zNDM2M2JjN2M0YzAiOnsiY3JlYXRlIjoxMjAwMDAwMDAwMDAwLCJkZWxldGUiOjEyMDAwMDAwMDAwMDAsInVwZGF0ZSI6MTIwMDAwMDAwMDAwMH19",
          "dependencies": [
            "aws_vpc.main"
          ]
        }
      ]
    },
    {
      "mode": "managed",
      "type": "aws_key_pair",
      "name": "deployer",
      "provider": "provider[\"registry.terraform.io/hashicorp/aws\"]",
      "instances": [
        {
          "schema_version": 1,
          "attributes": {
            "arn": "arn:aws:ec2:us-east-2:216989117911:key-pair/deployer-key",
            "fingerprint": "f2:f7:92:f7:e7:21:49:86:98:1a:9d:bb:80:99:2a:2e",
            "id": "deployer-key",
            "key_name": "deployer-key",
            "key_name_prefix": "",
            "key_pair_id": "key-0f6e33b986e08327d",
            "key_type": "rsa",
            "public_key": "ssh-rsa AAAAB3NzaC1yc2EAAAADAQABAAACAQDmrTYeCghS6sF35a8Me26IDssJC8U/+HI3GMSrmuWOeVdCYQ9DShqILbu2cPkJFIiHZ2q32eqyL0Qd1WhJHqBfFIo5oLItciwVLkB0Tn27HglMjr+bHw6tnFCqn0A8zN+AQfVtWs8QbR6GX1tLwzN6wA2y3YYi8kD18TgEsv9yG1NyxI2m7wGppR4GjE7Wru1UhOlpikNoyX3wxiauDHYswSM2g51Q0f1Jy4YNljFNJaniUJ6TtocO571i7no0SRkxDbu36tJGW4Xmjxrrg5JDALhjJoNiTZOvano/1nvM58uvjH1kWjtUPX91QrP0LCUtV1/zByYyAyvZUb/f38GizIBHvuu+edb8VZ+OtRRwYf04Wy7Nj7v1oX29OnPr6ggzghXE1tmEz+9nryZac980dP2N4rWYyTiDuPIqihBgbXqqKbyjRWyDR1kQ7+ElbgN2kt5CVuJMA7N3EfmOkjxJ2V+4QoeQTh8udBxcCJeMM2ApC54y6JVtRWQw03CYaCp7vmLZ3QqffpY0fVhLL1t3bCEzov3GbsHgboeRxLIZ3U/Vtttm2Mt4hmzO5DrAzbt8JLrfRcDk/oS492U/kgjt7fh+dd3INAp9h3PfHurNMG3kVQDHeCekw6fqGiNYoMMALl/BLRn1BPr0bKFHP8XsvMikT+HcJi1YblBGNVxF/Q==",
            "tags": null,
            "tags_all": {}
          },
          "sensitive_attributes": [],
          "private": "eyJzY2hlbWFfdmVyc2lvbiI6IjEifQ==",
          "dependencies": [
            "tls_private_key.deployer"
          ],
          "create_before_destroy": true
        }
      ]
    },
    {
      "mode": "managed",
      "type": "aws_launch_template",
      "name": "webapp_lt",
      "provider": "provider[\"registry.terraform.io/hashicorp/aws\"]",
      "instances": [
        {
          "schema_version": 0,
          "attributes": {
            "arn": "arn:aws:ec2:us-east-2:216989117911:launch-template/lt-062f0318056922296",
            "block_device_mappings": [],
            "capacity_reservation_specification": [],
            "cpu_options": [],
            "credit_specification": [],
            "default_version": 1,
            "description": "",
            "disable_api_stop": false,
            "disable_api_termination": false,
            "ebs_optimized": "",
            "elastic_gpu_specifications": [],
            "elastic_inference_accelerator": [],
            "enclave_options": [],
            "hibernation_options": [],
            "iam_instance_profile": [],
            "id": "lt-062f0318056922296",
            "image_id": "ami-037555c0e18b72abc",
            "instance_initiated_shutdown_behavior": "",
            "instance_market_options": [],
            "instance_requirements": [],
            "instance_type": "t2.micro",
            "kernel_id": "",
            "key_name": "deployer-key",
            "latest_version": 1,
            "license_specification": [],
            "maintenance_options": [],
            "metadata_options": [
              {
                "http_endpoint": "enabled",
                "http_protocol_ipv6": "disabled",
                "http_put_response_hop_limit": 0,
                "http_tokens": "optional",
                "instance_metadata_tags": "disabled"
              }
            ],
            "monitoring": [],
            "name": "webapp-lt20250408222920240100000006",
            "name_prefix": "webapp-lt",
            "network_interfaces": [],
            "placement": [],
            "private_dns_name_options": [],
            "ram_disk_id": "",
            "security_group_names": null,
            "tag_specifications": [],
            "tags": null,
            "tags_all": {},
            "update_default_version": null,
            "user_data": "IyEvYmluL2Jhc2gKc2V0IC1lCgpNWVNRTF9JUD0iMTAuMC4yLjE4MSIKCmVjaG8gIlVwZGF0aW5nIGVudmlyb25tZW50IHZhcmlhYmxlcy4uLiIKc3VkbyBzZWQgLWkgJy9TUFJJTkdfREFUQVNPVVJDRV9VUkwvZCcgL2V0Yy9lbnZpcm9ubWVudAplY2hvICJleHBvcnQgU1BSSU5HX0RBVEFTT1VSQ0VfVVJMPWpkYmM6bXlzcWw6Ly8kTVlTUUxfSVA6MzMwNi9yZWNvbW1lbmQ/dXNlU1NMPWZhbHNlJnNlcnZlclRpbWV6b25lPVVUQyZhbGxvd1B1YmxpY0tleVJldHJpZXZhbD10cnVlIiB8IHN1ZG8gdGVlIC1hIC9ldGMvZW52aXJvbm1lbnQKc3VkbyBjaG1vZCA2NDQgL2V0Yy9lbnZpcm9ubWVudApzb3VyY2UgL2V0Yy9lbnZpcm9ubWVudAoKZWNobyAiU1BSSU5HX0RBVEFTT1VSQ0VfVVJMIGlzIG5vdyBzZXQgdG86ICRTUFJJTkdfREFUQVNPVVJDRV9VUkwiCgpzdWRvIGNob3duIHVidW50dTp1YnVudHUgL2hvbWUvdWJ1bnR1L2FwcC93ZWJhcHAuamFyCmNobW9kICt4IC9ob21lL3VidW50dS9hcHAvd2ViYXBwLmphcgpzdWRvIHRvdWNoIC9ob21lL3VidW50dS9hcHAvd2ViYXBwLmxvZwpzdWRvIGNob3duIHVidW50dTp1YnVudHUgL2hvbWUvdWJ1bnR1L2FwcC93ZWJhcHAubG9nCnN1ZG8gY2htb2QgNjQ0IC9ob21lL3VidW50dS9hcHAvd2ViYXBwLmxvZwpzdWRvIGNob3duIC1SIHVidW50dTp1YnVudHUgL2hvbWUvdWJ1bnR1L2FwcC8Kc3VkbyBjaG1vZCAtUiA3NTUgL2hvbWUvdWJ1bnR1L2FwcC8KCnN1ZG8gcGtpbGwgLWYgIndlYmFwcC5qYXIiIHx8IHRydWUKZWNobyAic2xlZXAgYmVmb3JlICQoZGF0ZSkiCmVjaG8gIiQod2hvYW1pKSIKc3VkbyAtdSB1YnVudHUgbm9odXAgamF2YSAtamFyIC9ob21lL3VidW50dS9hcHAvd2ViYXBwLmphciA+IC9ob21lL3VidW50dS9hcHAvd2ViYXBwLmxvZyAyPiYxICYKZWNobyAic2xlZXAgYWZ0ZXIgV2ViQXBwIHN0YXJ0ZWQgc3VjY2Vzc2Z1bGx5IGF0ICQoZGF0ZSkiCg==",
            "vpc_security_group_ids": [
              "sg-0f2d63cdf4f6ac88d"
            ]
          },
          "sensitive_attributes": [],
          "private": "bnVsbA==",
          "dependencies": [
            "aws_instance.mysql",
            "aws_key_pair.deployer",
            "aws_security_group.mysql_sg",
            "aws_security_group.nlb_sg",
            "aws_security_group.webapp_sg",
            "aws_subnet.private_subnet",
            "aws_vpc.main",
            "tls_private_key.deployer"
          ],
          "create_before_destroy": true
        }
      ]
    },
    {
      "mode": "managed",
      "type": "aws_lb",
      "name": "api_nlb",
      "provider": "provider[\"registry.terraform.io/hashicorp/aws\"]",
      "instances": [
        {
          "schema_version": 0,
          "attributes": {
            "access_logs": [
              {
                "bucket": "",
                "enabled": false,
                "prefix": ""
              }
            ],
            "arn": "arn:aws:elasticloadbalancing:us-east-2:216989117911:loadbalancer/net/api-nlb/6ff57fa3a740a8d1",
            "arn_suffix": "net/api-nlb/6ff57fa3a740a8d1",
            "customer_owned_ipv4_pool": "",
            "desync_mitigation_mode": null,
            "dns_name": "api-nlb-6ff57fa3a740a8d1.elb.us-east-2.amazonaws.com",
            "drop_invalid_header_fields": null,
            "enable_cross_zone_load_balancing": false,
            "enable_deletion_protection": false,
            "enable_http2": null,
            "enable_tls_version_and_cipher_suite_headers": null,
            "enable_waf_fail_open": null,
            "enable_xff_client_port": null,
            "id": "arn:aws:elasticloadbalancing:us-east-2:216989117911:loadbalancer/net/api-nlb/6ff57fa3a740a8d1",
            "idle_timeout": null,
            "internal": false,
            "ip_address_type": "ipv4",
            "load_balancer_type": "network",
            "name": "api-nlb",
            "name_prefix": null,
            "preserve_host_header": null,
            "security_groups": [
              "sg-051ea82e7e7baa5cd"
            ],
            "subnet_mapping": [
              {
                "allocation_id": "",
                "ipv6_address": "",
                "outpost_id": "",
                "private_ipv4_address": "",
                "subnet_id": "subnet-0e5ff7ea71c1cadaa"
              }
            ],
            "subnets": [
              "subnet-0e5ff7ea71c1cadaa"
            ],
            "tags": null,
            "tags_all": {},
            "timeouts": null,
            "vpc_id": "vpc-02eddfdc737850bb9",
            "xff_header_processing_mode": null,
            "zone_id": "ZLMOA37VPKANP"
          },
          "sensitive_attributes": [],
          "private": "eyJlMmJmYjczMC1lY2FhLTExZTYtOGY4OC0zNDM2M2JjN2M0YzAiOnsiY3JlYXRlIjo2MDAwMDAwMDAwMDAsImRlbGV0ZSI6NjAwMDAwMDAwMDAwLCJ1cGRhdGUiOjYwMDAwMDAwMDAwMH19",
          "dependencies": [
            "aws_security_group.nlb_sg",
            "aws_subnet.public_subnet",
            "aws_vpc.main"
          ]
        }
      ]
    },
    {
      "mode": "managed",
      "type": "aws_lb_listener",
      "name": "api_listener",
      "provider": "provider[\"registry.terraform.io/hashicorp/aws\"]",
      "instances": [
        {
          "schema_version": 0,
          "attributes": {
            "alpn_policy": null,
            "arn": "arn:aws:elasticloadbalancing:us-east-2:216989117911:listener/net/api-nlb/6ff57fa3a740a8d1/9280a9be57c201bf",
            "certificate_arn": null,
            "default_action": [
              {
                "authenticate_cognito": [],
                "authenticate_oidc": [],
                "fixed_response": [],
                "forward": [],
                "order": 1,
                "redirect": [],
                "target_group_arn": "arn:aws:elasticloadbalancing:us-east-2:216989117911:targetgroup/nlb-tg01/b96e485a61941dc8",
                "type": "forward"
              }
            ],
            "id": "arn:aws:elasticloadbalancing:us-east-2:216989117911:listener/net/api-nlb/6ff57fa3a740a8d1/9280a9be57c201bf",
            "load_balancer_arn": "arn:aws:elasticloadbalancing:us-east-2:216989117911:loadbalancer/net/api-nlb/6ff57fa3a740a8d1",
            "port": 80,
            "protocol": "TCP",
            "ssl_policy": "",
            "tags": null,
            "tags_all": {},
            "timeouts": null
          },
          "sensitive_attributes": [],
          "private": "eyJlMmJmYjczMC1lY2FhLTExZTYtOGY4OC0zNDM2M2JjN2M0YzAiOnsicmVhZCI6NjAwMDAwMDAwMDAwfX0=",
          "dependencies": [
            "aws_lb.api_nlb",
            "aws_lb_target_group.nlb_tg01",
            "aws_security_group.nlb_sg",
            "aws_subnet.public_subnet",
            "aws_vpc.main"
          ]
        }
      ]
    },
    {
      "mode": "managed",
      "type": "aws_lb_target_group",
      "name": "nlb_tg01",
      "provider": "provider[\"registry.terraform.io/hashicorp/aws\"]",
      "instances": [
        {
          "schema_version": 0,
          "attributes": {
            "arn": "arn:aws:elasticloadbalancing:us-east-2:216989117911:targetgroup/nlb-tg01/b96e485a61941dc8",
            "arn_suffix": "targetgroup/nlb-tg01/b96e485a61941dc8",
            "connection_termination": false,
            "deregistration_delay": "300",
            "health_check": [
              {
                "enabled": true,
                "healthy_threshold": 2,
                "interval": 30,
                "matcher": "200-399",
                "path": "/v1/healthcheck",
                "port": "8080",
                "protocol": "HTTP",
                "timeout": 4,
                "unhealthy_threshold": 2
              }
            ],
            "id": "arn:aws:elasticloadbalancing:us-east-2:216989117911:targetgroup/nlb-tg01/b96e485a61941dc8",
            "ip_address_type": "ipv4",
            "lambda_multi_value_headers_enabled": false,
            "load_balancing_algorithm_type": null,
            "load_balancing_cross_zone_enabled": "use_load_balancer_configuration",
            "name": "nlb-tg01",
            "name_prefix": null,
            "port": 8080,
            "preserve_client_ip": "true",
            "protocol": "TCP",
            "protocol_version": null,
            "proxy_protocol_v2": false,
            "slow_start": 0,
            "stickiness": [
              {
                "cookie_duration": 0,
                "cookie_name": "",
                "enabled": false,
                "type": "source_ip"
              }
            ],
            "tags": null,
            "tags_all": {},
            "target_failover": [
              {
                "on_deregistration": null,
                "on_unhealthy": null
              }
            ],
            "target_type": "instance",
            "vpc_id": "vpc-02eddfdc737850bb9"
          },
          "sensitive_attributes": [],
          "private": "bnVsbA==",
          "dependencies": [
            "aws_vpc.main"
          ],
          "create_before_destroy": true
        }
      ]
    },
    {
      "mode": "managed",
      "type": "aws_nat_gateway",
      "name": "nat",
      "provider": "provider[\"registry.terraform.io/hashicorp/aws\"]",
      "instances": [
        {
          "schema_version": 0,
          "attributes": {
            "allocation_id": "eipalloc-0bf595e4e957ac420",
            "association_id": "eipassoc-04e6cdcbddcd8ce22",
            "connectivity_type": "public",
            "id": "nat-07b6aa0181a2f72c2",
            "network_interface_id": "eni-0b0e57aac6d41a672",
            "private_ip": "10.0.1.205",
            "public_ip": "3.140.66.241",
            "subnet_id": "subnet-0e5ff7ea71c1cadaa",
            "tags": {
              "Name": "NAT Gateway"
            },
            "tags_all": {
              "Name": "NAT Gateway"
            }
          },
          "sensitive_attributes": [],
          "private": "bnVsbA==",
          "dependencies": [
            "aws_eip.nat",
            "aws_subnet.public_subnet",
            "aws_vpc.main"
          ]
        }
      ]
    },
    {
      "mode": "managed",
      "type": "aws_route53_record",
      "name": "api_cname",
      "provider": "provider[\"registry.terraform.io/hashicorp/aws\"]",
      "instances": [
        {
          "schema_version": 2,
          "attributes": {
            "alias": [],
            "allow_overwrite": null,
            "cidr_routing_policy": [],
            "failover_routing_policy": [],
            "fqdn": "api.yixuan016.me",
            "geolocation_routing_policy": [],
            "health_check_id": "",
            "id": "Z0184808106N44H68NNZS_api.yixuan016.me_CNAME",
            "latency_routing_policy": [],
            "multivalue_answer_routing_policy": false,
            "name": "api.yixuan016.me",
            "records": [
              "api-nlb-6ff57fa3a740a8d1.elb.us-east-2.amazonaws.com"
            ],
            "set_identifier": "",
            "ttl": 60,
            "type": "CNAME",
            "weighted_routing_policy": [],
            "zone_id": "Z0184808106N44H68NNZS"
          },
          "sensitive_attributes": [],
          "private": "eyJzY2hlbWFfdmVyc2lvbiI6IjIifQ==",
          "dependencies": [
            "aws_lb.api_nlb",
            "aws_security_group.nlb_sg",
            "aws_subnet.public_subnet",
            "aws_vpc.main"
          ]
        }
      ]
    },
    {
      "mode": "managed",
      "type": "aws_route_table",
      "name": "private_rt",
      "provider": "provider[\"registry.terraform.io/hashicorp/aws\"]",
      "instances": [
        {
          "schema_version": 0,
          "attributes": {
            "arn": "arn:aws:ec2:us-east-2:216989117911:route-table/rtb-03b1cd4bc90d737be",
            "id": "rtb-03b1cd4bc90d737be",
            "owner_id": "216989117911",
            "propagating_vgws": [],
            "route": [
              {
                "carrier_gateway_id": "",
                "cidr_block": "0.0.0.0/0",
                "core_network_arn": "",
                "destination_prefix_list_id": "",
                "egress_only_gateway_id": "",
                "gateway_id": "",
                "instance_id": "",
                "ipv6_cidr_block": "",
                "local_gateway_id": "",
                "nat_gateway_id": "nat-07b6aa0181a2f72c2",
                "network_interface_id": "",
                "transit_gateway_id": "",
                "vpc_endpoint_id": "",
                "vpc_peering_connection_id": ""
              }
            ],
            "tags": null,
            "tags_all": {},
            "timeouts": null,
            "vpc_id": "vpc-02eddfdc737850bb9"
          },
          "sensitive_attributes": [],
          "private": "eyJlMmJmYjczMC1lY2FhLTExZTYtOGY4OC0zNDM2M2JjN2M0YzAiOnsiY3JlYXRlIjozMDAwMDAwMDAwMDAsImRlbGV0ZSI6MzAwMDAwMDAwMDAwLCJ1cGRhdGUiOjEyMDAwMDAwMDAwMH19",
          "dependencies": [
            "aws_eip.nat",
            "aws_nat_gateway.nat",
            "aws_subnet.public_subnet",
            "aws_vpc.main"
          ]
        }
      ]
    },
    {
      "mode": "managed",
      "type": "aws_route_table",
      "name": "public_rt",
      "provider": "provider[\"registry.terraform.io/hashicorp/aws\"]",
      "instances": [
        {
          "schema_version": 0,
          "attributes": {
            "arn": "arn:aws:ec2:us-east-2:216989117911:route-table/rtb-07e4afc892b3a5e5e",
            "id": "rtb-07e4afc892b3a5e5e",
            "owner_id": "216989117911",
            "propagating_vgws": [],
            "route": [
              {
                "carrier_gateway_id": "",
                "cidr_block": "0.0.0.0/0",
                "core_network_arn": "",
                "destination_prefix_list_id": "",
                "egress_only_gateway_id": "",
                "gateway_id": "igw-00e4c7069a1a0a645",
                "instance_id": "",
                "ipv6_cidr_block": "",
                "local_gateway_id": "",
                "nat_gateway_id": "",
                "network_interface_id": "",
                "transit_gateway_id": "",
                "vpc_endpoint_id": "",
                "vpc_peering_connection_id": ""
              }
            ],
            "tags": null,
            "tags_all": {},
            "timeouts": null,
            "vpc_id": "vpc-02eddfdc737850bb9"
          },
          "sensitive_attributes": [],
          "private": "eyJlMmJmYjczMC1lY2FhLTExZTYtOGY4OC0zNDM2M2JjN2M0YzAiOnsiY3JlYXRlIjozMDAwMDAwMDAwMDAsImRlbGV0ZSI6MzAwMDAwMDAwMDAwLCJ1cGRhdGUiOjEyMDAwMDAwMDAwMH19",
          "dependencies": [
            "aws_internet_gateway.igw",
            "aws_vpc.main"
          ]
        }
      ]
    },
    {
      "mode": "managed",
      "type": "aws_route_table_association",
      "name": "private_assoc",
      "provider": "provider[\"registry.terraform.io/hashicorp/aws\"]",
      "instances": [
        {
          "schema_version": 0,
          "attributes": {
            "gateway_id": "",
            "id": "rtbassoc-0f944d0e9fae01a7c",
            "route_table_id": "rtb-03b1cd4bc90d737be",
            "subnet_id": "subnet-027d0c9f9f98b9e4a",
            "timeouts": null
          },
          "sensitive_attributes": [],
          "private": "eyJlMmJmYjczMC1lY2FhLTExZTYtOGY4OC0zNDM2M2JjN2M0YzAiOnsiY3JlYXRlIjozMDAwMDAwMDAwMDAsImRlbGV0ZSI6MzAwMDAwMDAwMDAwLCJ1cGRhdGUiOjEyMDAwMDAwMDAwMH19",
          "dependencies": [
            "aws_eip.nat",
            "aws_nat_gateway.nat",
            "aws_route_table.private_rt",
            "aws_subnet.private_subnet",
            "aws_subnet.public_subnet",
            "aws_vpc.main"
          ]
        }
      ]
    },
    {
      "mode": "managed",
      "type": "aws_route_table_association",
      "name": "public_assoc",
      "provider": "provider[\"registry.terraform.io/hashicorp/aws\"]",
      "instances": [
        {
          "schema_version": 0,
          "attributes": {
            "gateway_id": "",
            "id": "rtbassoc-0a0885ca1f1239b24",
            "route_table_id": "rtb-07e4afc892b3a5e5e",
            "subnet_id": "subnet-0e5ff7ea71c1cadaa",
            "timeouts": null
          },
          "sensitive_attributes": [],
          "private": "eyJlMmJmYjczMC1lY2FhLTExZTYtOGY4OC0zNDM2M2JjN2M0YzAiOnsiY3JlYXRlIjozMDAwMDAwMDAwMDAsImRlbGV0ZSI6MzAwMDAwMDAwMDAwLCJ1cGRhdGUiOjEyMDAwMDAwMDAwMH19",
          "dependencies": [
            "aws_internet_gateway.igw",
            "aws_route_table.public_rt",
            "aws_subnet.public_subnet",
            "aws_vpc.main"
          ]
        }
      ]
    },
    {
      "mode": "managed",
      "type": "aws_security_group",
      "name": "mysql_sg",
      "provider": "provider[\"registry.terraform.io/hashicorp/aws\"]",
      "instances": [
        {
          "schema_version": 1,
          "attributes": {
            "arn": "arn:aws:ec2:us-east-2:216989117911:security-group/sg-0827197115cd3bca8",
            "description": "Managed by Terraform",
            "egress": [
              {
                "cidr_blocks": [
                  "0.0.0.0/0"
                ],
                "description": "",
                "from_port": 0,
                "ipv6_cidr_blocks": [],
                "prefix_list_ids": [],
                "protocol": "-1",
                "security_groups": [],
                "self": false,
                "to_port": 0
              }
            ],
            "id": "sg-0827197115cd3bca8",
            "ingress": [
              {
                "cidr_blocks": [
                  "0.0.0.0/0"
                ],
                "description": "",
                "from_port": 22,
                "ipv6_cidr_blocks": [],
                "prefix_list_ids": [],
                "protocol": "tcp",
                "security_groups": [],
                "self": false,
                "to_port": 22
              },
              {
                "cidr_blocks": [],
                "description": "",
                "from_port": 3306,
                "ipv6_cidr_blocks": [],
                "prefix_list_ids": [],
                "protocol": "tcp",
                "security_groups": [
                  "sg-0f2d63cdf4f6ac88d"
                ],
                "self": false,
                "to_port": 3306
              }
            ],
            "name": "terraform-20250408222904305000000003",
            "name_prefix": "terraform-",
            "owner_id": "216989117911",
            "revoke_rules_on_delete": false,
            "tags": null,
            "tags_all": {},
            "timeouts": null,
            "vpc_id": "vpc-02eddfdc737850bb9"
          },
          "sensitive_attributes": [],
          "private": "eyJlMmJmYjczMC1lY2FhLTExZTYtOGY4OC0zNDM2M2JjN2M0YzAiOnsiY3JlYXRlIjo2MDAwMDAwMDAwMDAsImRlbGV0ZSI6OTAwMDAwMDAwMDAwfSwic2NoZW1hX3ZlcnNpb24iOiIxIn0=",
          "dependencies": [
            "aws_security_group.nlb_sg",
            "aws_security_group.webapp_sg",
            "aws_vpc.main"
          ],
          "create_before_destroy": true
        }
      ]
    },
    {
      "mode": "managed",
      "type": "aws_security_group",
      "name": "nlb_sg",
      "provider": "provider[\"registry.terraform.io/hashicorp/aws\"]",
      "instances": [
        {
          "schema_version": 1,
          "attributes": {
            "arn": "arn:aws:ec2:us-east-2:216989117911:security-group/sg-051ea82e7e7baa5cd",
            "description": "Managed by Terraform",
            "egress": [
              {
                "cidr_blocks": [
                  "0.0.0.0/0"
                ],
                "description": "",
                "from_port": 0,
                "ipv6_cidr_blocks": [],
                "prefix_list_ids": [],
                "protocol": "-1",
                "security_groups": [],
                "self": false,
                "to_port": 0
              }
            ],
            "id": "sg-051ea82e7e7baa5cd",
            "ingress": [
              {
                "cidr_blocks": [
                  "0.0.0.0/0"
                ],
                "description": "",
                "from_port": 80,
                "ipv6_cidr_blocks": [],
                "prefix_list_ids": [],
                "protocol": "tcp",
                "security_groups": [],
                "self": false,
                "to_port": 80
              }
            ],
            "name": "terraform-20250408222858693300000001",
            "name_prefix": "terraform-",
            "owner_id": "216989117911",
            "revoke_rules_on_delete": false,
            "tags": null,
            "tags_all": {},
            "timeouts": null,
            "vpc_id": "vpc-02eddfdc737850bb9"
          },
          "sensitive_attributes": [],
          "private": "eyJlMmJmYjczMC1lY2FhLTExZTYtOGY4OC0zNDM2M2JjN2M0YzAiOnsiY3JlYXRlIjo2MDAwMDAwMDAwMDAsImRlbGV0ZSI6OTAwMDAwMDAwMDAwfSwic2NoZW1hX3ZlcnNpb24iOiIxIn0=",
          "dependencies": [
            "aws_vpc.main"
          ],
          "create_before_destroy": true
        }
      ]
    },
    {
      "mode": "managed",
      "type": "aws_security_group",
      "name": "webapp_sg",
      "provider": "provider[\"registry.terraform.io/hashicorp/aws\"]",
      "instances": [
        {
          "schema_version": 1,
          "attributes": {
            "arn": "arn:aws:ec2:us-east-2:216989117911:security-group/sg-0f2d63cdf4f6ac88d",
            "description": "Managed by Terraform",
            "egress": [
              {
                "cidr_blocks": [
                  "0.0.0.0/0"
                ],
                "description": "",
                "from_port": 0,
                "ipv6_cidr_blocks": [],
                "prefix_list_ids": [],
                "protocol": "-1",
                "security_groups": [],
                "self": false,
                "to_port": 0
              }
            ],
            "id": "sg-0f2d63cdf4f6ac88d",
            "ingress": [
              {
                "cidr_blocks": [
                  "0.0.0.0/0"
                ],
                "description": "",
                "from_port": 22,
                "ipv6_cidr_blocks": [],
                "prefix_list_ids": [],
                "protocol": "tcp",
                "security_groups": [],
                "self": false,
                "to_port": 22
              },
              {
                "cidr_blocks": [],
                "description": "",
                "from_port": 8080,
                "ipv6_cidr_blocks": [],
                "prefix_list_ids": [],
                "protocol": "tcp",
                "security_groups": [
                  "sg-051ea82e7e7baa5cd"
                ],
                "self": false,
                "to_port": 8080
              }
            ],
            "name": "terraform-20250408222901596600000002",
            "name_prefix": "terraform-",
            "owner_id": "216989117911",
            "revoke_rules_on_delete": false,
            "tags": null,
            "tags_all": {},
            "timeouts": null,
            "vpc_id": "vpc-02eddfdc737850bb9"
          },
          "sensitive_attributes": [],
          "private": "eyJlMmJmYjczMC1lY2FhLTExZTYtOGY4OC0zNDM2M2JjN2M0YzAiOnsiY3JlYXRlIjo2MDAwMDAwMDAwMDAsImRlbGV0ZSI6OTAwMDAwMDAwMDAwfSwic2NoZW1hX3ZlcnNpb24iOiIxIn0=",
          "dependencies": [
            "aws_security_group.nlb_sg",
            "aws_vpc.main"
          ],
          "create_before_destroy": true
        }
      ]
    },
    {
      "mode": "managed",
      "type": "aws_subnet",
      "name": "private_subnet",
      "provider": "provider[\"registry.terraform.io/hashicorp/aws\"]",
      "instances": [
        {
          "schema_version": 1,
          "attributes": {
            "arn": "arn:aws:ec2:us-east-2:216989117911:subnet/subnet-027d0c9f9f98b9e4a",
            "assign_ipv6_address_on_creation": false,
            "availability_zone": "us-east-2c",
            "availability_zone_id": "use2-az3",
            "cidr_block": "10.0.2.0/24",
            "customer_owned_ipv4_pool": "",
            "enable_dns64": false,
            "enable_lni_at_device_index": 0,
            "enable_resource_name_dns_a_record_on_launch": false,
            "enable_resource_name_dns_aaaa_record_on_launch": false,
            "id": "subnet-027d0c9f9f98b9e4a",
            "ipv6_cidr_block": "",
            "ipv6_cidr_block_association_id": "",
            "ipv6_native": false,
            "map_customer_owned_ip_on_launch": false,
            "map_public_ip_on_launch": false,
            "outpost_arn": "",
            "owner_id": "216989117911",
            "private_dns_hostname_type_on_launch": "ip-name",
            "tags": null,
            "tags_all": {},
            "timeouts": null,
            "vpc_id": "vpc-02eddfdc737850bb9"
          },
          "sensitive_attributes": [],
          "private": "eyJlMmJmYjczMC1lY2FhLTExZTYtOGY4OC0zNDM2M2JjN2M0YzAiOnsiY3JlYXRlIjo2MDAwMDAwMDAwMDAsImRlbGV0ZSI6MTIwMDAwMDAwMDAwMH0sInNjaGVtYV92ZXJzaW9uIjoiMSJ9",
          "dependencies": [
            "aws_vpc.main"
          ],
          "create_before_destroy": true
        }
      ]
    },
    {
      "mode": "managed",
      "type": "aws_subnet",
      "name": "public_subnet",
      "provider": "provider[\"registry.terraform.io/hashicorp/aws\"]",
      "instances": [
        {
          "schema_version": 1,
          "attributes": {
            "arn": "arn:aws:ec2:us-east-2:216989117911:subnet/subnet-0e5ff7ea71c1cadaa",
            "assign_ipv6_address_on_creation": false,
            "availability_zone": "us-east-2a",
            "availability_zone_id": "use2-az1",
            "cidr_block": "10.0.1.0/24",
            "customer_owned_ipv4_pool": "",
            "enable_dns64": false,
            "enable_lni_at_device_index": 0,
            "enable_resource_name_dns_a_record_on_launch": false,
            "enable_resource_name_dns_aaaa_record_on_launch": false,
            "id": "subnet-0e5ff7ea71c1cadaa",
            "ipv6_cidr_block": "",
            "ipv6_cidr_block_association_id": "",
            "ipv6_native": false,
            "map_customer_owned_ip_on_launch": false,
            "map_public_ip_on_launch": true,
            "outpost_arn": "",
            "owner_id": "216989117911",
            "private_dns_hostname_type_on_launch": "ip-name",
            "tags": null,
            "tags_all": {},
            "timeouts": null,
            "vpc_id": "vpc-02eddfdc737850bb9"
          },
          "sensitive_attributes": [],
          "private": "eyJlMmJmYjczMC1lY2FhLTExZTYtOGY4OC0zNDM2M2JjN2M0YzAiOnsiY3JlYXRlIjo2MDAwMDAwMDAwMDAsImRlbGV0ZSI6MTIwMDAwMDAwMDAwMH0sInNjaGVtYV92ZXJzaW9uIjoiMSJ9",
          "dependencies": [
            "aws_vpc.main"
          ],
          "create_before_destroy": true
        }
      ]
    },
    {
      "mode": "managed",
      "type": "aws_vpc",
      "name": "main",
      "provider": "provider[\"registry.terraform.io/hashicorp/aws\"]",
      "instances": [
        {
          "schema_version": 1,
          "attributes": {
            "arn": "arn:aws:ec2:us-east-2:216989117911:vpc/vpc-02eddfdc737850bb9",
            "assign_generated_ipv6_cidr_block": false,
            "cidr_block": "10.0.0.0/16",
            "default_network_acl_id": "acl-03025cf098ccb16f9",
            "default_route_table_id": "rtb-0e0e72fc10c9e86d9",
            "default_security_group_id": "sg-0e030f36baeebc05a",
            "dhcp_options_id": "dopt-066570b989fae9a85",
            "enable_classiclink": false,
            "enable_classiclink_dns_support": false,
            "enable_dns_hostnames": false,
            "enable_dns_support": true,
            "enable_network_address_usage_metrics": false,
            "id": "vpc-02eddfdc737850bb9",
            "instance_tenancy": "default",
            "ipv4_ipam_pool_id": null,
            "ipv4_netmask_length": null,
            "ipv6_association_id": "",
            "ipv6_cidr_block": "",
            "ipv6_cidr_block_network_border_group": "",
            "ipv6_ipam_pool_id": "",
            "ipv6_netmask_length": 0,
            "main_route_table_id": "rtb-0e0e72fc10c9e86d9",
            "owner_id": "216989117911",
            "tags": null,
            "tags_all": {}
          },
          "sensitive_attributes": [],
          "private": "eyJzY2hlbWFfdmVyc2lvbiI6IjEifQ==",
          "create_before_destroy": true
        }
      ]
    },
    {
      "mode": "managed",
      "type": "local_file",
      "name": "private_key",
      "provider": "provider[\"registry.terraform.io/hashicorp/local\"]",
      "instances": [
        {
          "schema_version": 0,
          "attributes": {
            "content": "-----BEGIN RSA PRIVATE KEY-----\nMIIJKwIBAAKCAgEA5q02HgoIUurBd+WvDHtuiA7LCQvFP/hyNxjEq5rljnlXQmEP\nQ0oaiC27tnD5CRSIh2dqt9nqsi9EHdVoSR6gXxSKOaCyLXIsFS5AdE59ux4JTI6/\nmx8OrZxQqp9APMzfgEH1bVrPEG0ehl9bS8MzesANst2GIvJA9fE4BLL/chtTcsSN\npu8BqaUeBoxO1q7tVITpaYpDaMl98MYmrgx2LMEjNoOdUNH9ScuGDZYxTSWp4lCe\nk7aHDue9Yu56NEkZMQ27t+rSRluF5o8a64OSQwC4YyaDYk2Tr2p6P9Z7zOfLr4x9\nZFo7VD1/dUKz9CwlLVdf8wcmMgMr2VG/39/BosyAR77rvnnW/FWfjrUUcGH9OFsu\nzY+79aF9vTpz6+oIM4IVxNbZhM/vZ68mWnPfNHT9jeK1mMk4g7jyKooQYG16qim8\no0Vsg0dZEO/hJW4DdpLeQlbiTAOzdxH5jpI8SdlfuEKHkE4fLnQcXAiXjDNgKQue\nMuiVbUVkMNNwmGgqe75i2d0Kn36WNH1YSy9bd2whM6L9xm7B4G6HkcSyGd1P1bbb\nZtjLeIZszuQ6wM27fCS630XA5P6EuPdlP5II7e34fnXdyDQKfYdz3x7qzTBt5FUA\nx3gnpMOn6hojWKDDAC5fwS0Z9QT69GyhRz/F7LzIpE/h3CYtWG5QRjVcRf0CAwEA\nAQKCAgEAmyqgYIx3FO98vF3v5gGRVEw/HxKf2GwSyCUNBjHngHL201venHDYcAnz\nXsGXgxggzpQuIQWg7cMFmtvWjnjff5WddS43LILETGsUSCgUQy3tK2ZKVNoLUZT4\nXg1JdJyLKwczRB/1cSM1iUXTb58andNaY5rHg/JY6Bcei2qskeD3vReiAUx8XdUH\n4Xe4AIkic9wD9k5fEbmX0cI4epM/WtOAEEdwJtFaA623uqPw/ef74pRAVzRMnSYd\nKtMnuMwC+hA22XxHfbRK2dAhV5Lla9SsM2XQsutkEHcbTJ3GIQs65BcosbxQdFX5\nyrLXwcOALoO7swp4EuQ3NrPa0Yj+AnGHGg3NDmF54JtTZn9QkbCjzTIcdDO3pMG6\nJtH+tkf1vSf+u+SEBGhhSa9gh2xxs0kQJcTg23z2dnFeKhjy4tY5UBwXpYgtWK8N\nElC74yYMbVcvlA/OOuskyYI0w3eBAwFwFaOgf3NEuHKn9KRVBCjjAP4VBugrOM/D\nAweWxajzP+HNXXoTLngr59O3i2RVT0CP1SvX6WxCvCQB0PJ5PWWp4TT39/43+ZXu\niOFMN9VR59mZTyUbZzfqlbVWf/swNin7ffOW4GQBWHZdp+cCRkqiyRVhC74r/1e/\nW4Os9H4RYClznZNjZCdxM7BLRlSM18vfak0qTAGEA4rJUxe3sAECggEBAPPVGMKh\nozE01zRCV57DO1Zr4cO85BJAn+he7aMM6yta+GtNTO5rbn0/hnwxF+BT0xoSO2mr\nss1vMMllGDPZ9eYrdGRKjP+O8LQIHOrs8wbReLv5iah5ooYr4w3EEJ8y82V9hSzR\n/Ok5N/H8/DIoHfdr+aUfunRd8tUojG81PR5uHcDF9ghyHjjVcfy0KBawENE63iY4\ngHZv+KP4K7rkwnL+qAbnYHJz85Rq5fs+TQQ4tqsokpvqX9KlNXTEFddZ0qKf0C7B\nvqOCl4rHrKopz/VFOTEtCpq7R3F2KJJo4unhL26P71x+TqO4YahtkRDDvyW9M//p\nPSvkaWxggD4fSQECggEBAPIwDWRbmLPIzuZLV4twrQNEO4rqUIe/5vxHqpxpKVsS\nwW6QU3eKZbErlQGPyEACN+BenITYvreNp1lCiOw9LUTUM8P14Br4HhslRqHZTJH8\nAyk1oVcgYfxD7vAsQrcmoylrLsQYdt78VWBqc9vccERp8TA+eHhirWhKNp9QfLcc\n7DZCd0+KK35qmxAaccWH9OodJJH+u6TcBOFnz9eF8CvoGY4UVIEOAKv/FTUlR/4i\n4LmDMlrYv4xac70YG56rYdlysmryNAJi5JJeBTn/JApZiuvVluoPoMccQDM+dzra\n23Dt89O3CfGMANZHmmdLsaOjmGDDBr1tKev1IM5RIP0CggEBAOBVRpqLLCGxg+3I\nu+SNqqIwT15PA2bnnjekXu6MjDEvWS8fx4/zt4v0Tj8ky9rQRIDQFWl7Vt47Vp90\nK3hJKDvD7yn2jRLy5/I7JJ/fsRis0G/hfg1LG4RmDFg18zUFI3pUqZo6+H1670Xs\ng/uBfVCOPvj04A8AANKso8gNK1Y76ZPajinnFHclqeHdvqRhCJf3mTuA8HAHRLNX\nOKSSo3Q5Z04ywkGK/KeoUj99ak5f/3Apu/lHATJEXZI4df/T3D9S2a6rAkJdfB9q\n5ikInxQBxETCM+d4NprlIx7Q8TRMwd7u/kIS0zc+BFt5suXBsrN+B8GDTYx8caIM\nhvCgyAECggEBAO4m/HRMcguQkov5WHwA79D/fsGqikgDGCPKYWXvL0CkX9vWRo2N\nZVRkM+FWPydaRxH2V1l3PYuH2yE2ASi1O9esB79R/+7lP82XyS4MXXRMadtTJnVj\nnZcQQlygWXZ6owVupY0lNXcukNH/vDBeQ3Oy7f5v380Z08Vy/OWKoyj5Yvo0P9jS\nWNS2Bgc+ydPhTqAMylJaOLDzvkTc7Y/U4Ih8cuy45yQE3fpEGtmo8HNiXrNt5M1a\nyHk+1QMEOty7ULwgQnxR8XzLPFMF64PNdeZLiQVBgmZluccx65u4eExCvHj/NL5j\nBn8lGgmcXaPn1iXBEG1OOkl5mDi0Um8vbg0CggEBAOmWEj7CYktwqy0x7keslKCa\nuet/UzhlzxgQJuSRh6Nqo7MukXWSN9NXnjS5kQpc8ME8M+rTjC3N6vniv99PNXfe\nB51wWFgzXpQH6rrogkrLPAmA3SDHhAQcIaK8KWt69FtZhWduXBTOjxB4ywlff+/Y\ndG2ggK9MBCBAda+jfZ2SPUazakJTwdaEg/jFh2ephZP61VQCTzVWj+82g5TEYJWO\nsGflylpG8evrTfdGS6tm5ANz8qc8uLd8GIoUGzOCps4Tx2U65vCLKnbpleGGOGte\nbSh1vuQVMjBuv1AgkyfjJ1vaqK04D9TDsPa23dEbMCmjiXkWjnPWtKyj6SasjN8=\n-----END RSA PRIVATE KEY-----\n",
            "content_base64": null,
            "content_base64sha256": "tS14uZfkiHiEgBKBRXaVAj5v1SuElW0o55wLN8F7GNQ=",
            "content_base64sha512": "WsXuWo2ygPjnXXbNdTQ0jqsqRBCJdUhaajCqx1vinjDEp0pY3mbjv3TijBdTnl2aL2uM8F6TYRi5N9vZVfu1fQ==",
            "content_md5": "ece21673fcccaf15ed10cf77f2852fe7",
            "content_sha1": "113a94d3799fe57fe256bef9cb0d92a3f7f290d7",
            "content_sha256": "b52d78b997e4887884801281457695023e6fd52b84956d28e79c0b37c17b18d4",
            "content_sha512": "5ac5ee5a8db280f8e75d76cd7534348eab2a44108975485a6a30aac75be29e30c4a74a58de66e3bf74e28c17539e5d9a2f6b8cf05e936118b937dbd955fbb57d",
            "directory_permission": "0777",
            "file_permission": "0400",
            "filename": "./deployer-key.pem",
            "id": "113a94d3799fe57fe256bef9cb0d92a3f7f290d7",
            "sensitive_content": null,
            "source": null
          },
          "sensitive_attributes": [
            [
              {
                "type": "get_attr",
                "value": "content"
              }
            ],
            [
              {
                "type": "get_attr",
                "value": "sensitive_content"
              }
            ]
          ],
          "dependencies": [
            "tls_private_key.deployer"
          ]
        }
      ]
    },
    {
      "mode": "managed",
      "type": "tls_private_key",
      "name": "deployer",
      "provider": "provider[\"registry.terraform.io/hashicorp/tls\"]",
      "instances": [
        {
          "schema_version": 1,
          "attributes": {
            "algorithm": "RSA",
            "ecdsa_curve": "P224",
            "id": "c0af24d08ae3cddda29777d624fb0ee1a2a1e774",
            "private_key_openssh": "-----BEGIN OPENSSH PRIVATE KEY-----\nb3BlbnNzaC1rZXktdjEAAAAABG5vbmUAAAAEbm9uZQAAAAAAAAABAAACFwAAAAdz\nc2gtcnNhAAAAAwEAAQAAAgEA5q02HgoIUurBd+WvDHtuiA7LCQvFP/hyNxjEq5rl\njnlXQmEPQ0oaiC27tnD5CRSIh2dqt9nqsi9EHdVoSR6gXxSKOaCyLXIsFS5AdE59\nux4JTI6/mx8OrZxQqp9APMzfgEH1bVrPEG0ehl9bS8MzesANst2GIvJA9fE4BLL/\nchtTcsSNpu8BqaUeBoxO1q7tVITpaYpDaMl98MYmrgx2LMEjNoOdUNH9ScuGDZYx\nTSWp4lCek7aHDue9Yu56NEkZMQ27t+rSRluF5o8a64OSQwC4YyaDYk2Tr2p6P9Z7\nzOfLr4x9ZFo7VD1/dUKz9CwlLVdf8wcmMgMr2VG/39/BosyAR77rvnnW/FWfjrUU\ncGH9OFsuzY+79aF9vTpz6+oIM4IVxNbZhM/vZ68mWnPfNHT9jeK1mMk4g7jyKooQ\nYG16qim8o0Vsg0dZEO/hJW4DdpLeQlbiTAOzdxH5jpI8SdlfuEKHkE4fLnQcXAiX\njDNgKQueMuiVbUVkMNNwmGgqe75i2d0Kn36WNH1YSy9bd2whM6L9xm7B4G6HkcSy\nGd1P1bbbZtjLeIZszuQ6wM27fCS630XA5P6EuPdlP5II7e34fnXdyDQKfYdz3x7q\nzTBt5FUAx3gnpMOn6hojWKDDAC5fwS0Z9QT69GyhRz/F7LzIpE/h3CYtWG5QRjVc\nRf0AAAc4YkL7JGJC+yQAAAAHc3NoLXJzYQAAAgEA5q02HgoIUurBd+WvDHtuiA7L\nCQvFP/hyNxjEq5rljnlXQmEPQ0oaiC27tnD5CRSIh2dqt9nqsi9EHdVoSR6gXxSK\nOaCyLXIsFS5AdE59ux4JTI6/mx8OrZxQqp9APMzfgEH1bVrPEG0ehl9bS8MzesAN\nst2GIvJA9fE4BLL/chtTcsSNpu8BqaUeBoxO1q7tVITpaYpDaMl98MYmrgx2LMEj\nNoOdUNH9ScuGDZYxTSWp4lCek7aHDue9Yu56NEkZMQ27t+rSRluF5o8a64OSQwC4\nYyaDYk2Tr2p6P9Z7zOfLr4x9ZFo7VD1/dUKz9CwlLVdf8wcmMgMr2VG/39/BosyA\nR77rvnnW/FWfjrUUcGH9OFsuzY+79aF9vTpz6+oIM4IVxNbZhM/vZ68mWnPfNHT9\njeK1mMk4g7jyKooQYG16qim8o0Vsg0dZEO/hJW4DdpLeQlbiTAOzdxH5jpI8Sdlf\nuEKHkE4fLnQcXAiXjDNgKQueMuiVbUVkMNNwmGgqe75i2d0Kn36WNH1YSy9bd2wh\nM6L9xm7B4G6HkcSyGd1P1bbbZtjLeIZszuQ6wM27fCS630XA5P6EuPdlP5II7e34\nfnXdyDQKfYdz3x7qzTBt5FUAx3gnpMOn6hojWKDDAC5fwS0Z9QT69GyhRz/F7LzI\npE/h3CYtWG5QRjVcRf0AAAADAQABAAACAQCbKqBgjHcU73y8Xe/mAZFUTD8fEp/Y\nbBLIJQ0GMeeAcvbTW96ccNhwCfNewZeDGCDOlC4hBaDtwwWa29aOeN9/lZ11Ljcs\ngsRMaxRIKBRDLe0rZkpU2gtRlPheDUl0nIsrBzNEH/VxIzWJRdNvnxqd01pjmseD\n8ljoFx6LaqyR4Pe9F6IBTHxd1Qfhd7gAiSJz3AP2Tl8RuZfRwjh6kz9a04AQR3Am\n0VoDrbe6o/D95/vilEBXNEydJh0q0ye4zAL6EDbZfEd9tErZ0CFXkuVr1KwzZdCy\n62QQdxtMncYhCzrkFyixvFB0VfnKstfBw4Aug7uzCngS5Dc2s9rRiP4CcYcaDc0O\nYXngm1Nmf1CRsKPNMhx0M7ekwbom0f62R/W9J/675IQEaGFJr2CHbHGzSRAlxODb\nfPZ2cV4qGPLi1jlQHBeliC1Yrw0SULvjJgxtVy+UD8466yTJgjTDd4EDAXAVo6B/\nc0S4cqf0pFUEKOMA/hUG6Cs4z8MDB5bFqPM/4c1dehMueCvn07eLZFVPQI/VK9fp\nbEK8JAHQ8nk9ZanhNPf3/jf5le6I4Uw31VHn2ZlPJRtnN+qVtVZ/+zA2Kft985bg\nZAFYdl2n5wJGSqLJFWELviv/V79bg6z0fhFgKXOdk2NkJ3EzsEtGVIzXy99qTSpM\nAYQDislTF7ewAQAAAQEA6ZYSPsJiS3CrLTHuR6yUoJq5639TOGXPGBAm5JGHo2qj\nsy6RdZI301eeNLmRClzwwTwz6tOMLc3q+eK/3081d94HnXBYWDNelAfquuiCSss8\nCYDdIMeEBBwhorwpa3r0W1mFZ25cFM6PEHjLCV9/79h0baCAr0wEIEB1r6N9nZI9\nRrNqQlPB1oSD+MWHZ6mFk/rVVAJPNVaP7zaDlMRglY6wZ+XKWkbx6+tN90ZLq2bk\nA3Pypzy4t3wYihQbM4KmzhPHZTrm8IsqdumV4YY4a15tKHW+5BUyMG6/UCCTJ+Mn\nW9qorTgP1MOw9rbd0RswKaOJeRaOc9a0rKPpJqyM3wAAAQEA89UYwqGjMTTXNEJX\nnsM7Vmvhw7zkEkCf6F7towzrK1r4a01M7mtufT+GfDEX4FPTGhI7aauyzW8wyWUY\nM9n15it0ZEqM/47wtAgc6uzzBtF4u/mJqHmihivjDcQQnzLzZX2FLNH86Tk38fz8\nMigd92v5pR+6dF3y1SiMbzU9Hm4dwMX2CHIeONVx/LQoFrAQ0TreJjiAdm/4o/gr\nuuTCcv6oBudgcnPzlGrl+z5NBDi2qyiSm+pf0qU1dMQV11nSop/QLsG+o4KXises\nqinP9UU5MS0KmrtHcXYokmji6eEvbo/vXH5Oo7hhqG2REMO/Jb0z/+k9K+RpbGCA\nPh9JAQAAAQEA8jANZFuYs8jO5ktXi3CtA0Q7iupQh7/m/EeqnGkpWxLBbpBTd4pl\nsSuVAY/IQAI34F6chNi+t42nWUKI7D0tRNQzw/XgGvgeGyVGodlMkfwDKTWhVyBh\n/EPu8CxCtyajKWsuxBh23vxVYGpz29xwRGnxMD54eGKtaEo2n1B8txzsNkJ3T4or\nfmqbEBpxxYf06h0kkf67pNwE4WfP14XwK+gZjhRUgQ4Aq/8VNSVH/iLguYMyWti/\njFpzvRgbnqth2XKyavI0AmLkkl4FOf8kClmK69WW6g+gxxxAMz53OtrbcO3z07cJ\n8YwA1keaZ0uxo6OYYMMGvW0p6/UgzlEg/QAAAAAB\n-----END OPENSSH PRIVATE KEY-----\n",
            "private_key_pem": "-----BEGIN RSA PRIVATE KEY-----\nMIIJKwIBAAKCAgEA5q02HgoIUurBd+WvDHtuiA7LCQvFP/hyNxjEq5rljnlXQmEP\nQ0oaiC27tnD5CRSIh2dqt9nqsi9EHdVoSR6gXxSKOaCyLXIsFS5AdE59ux4JTI6/\nmx8OrZxQqp9APMzfgEH1bVrPEG0ehl9bS8MzesANst2GIvJA9fE4BLL/chtTcsSN\npu8BqaUeBoxO1q7tVITpaYpDaMl98MYmrgx2LMEjNoOdUNH9ScuGDZYxTSWp4lCe\nk7aHDue9Yu56NEkZMQ27t+rSRluF5o8a64OSQwC4YyaDYk2Tr2p6P9Z7zOfLr4x9\nZFo7VD1/dUKz9CwlLVdf8wcmMgMr2VG/39/BosyAR77rvnnW/FWfjrUUcGH9OFsu\nzY+79aF9vTpz6+oIM4IVxNbZhM/vZ68mWnPfNHT9jeK1mMk4g7jyKooQYG16qim8\no0Vsg0dZEO/hJW4DdpLeQlbiTAOzdxH5jpI8SdlfuEKHkE4fLnQcXAiXjDNgKQue\nMuiVbUVkMNNwmGgqe75i2d0Kn36WNH1YSy9bd2whM6L9xm7B4G6HkcSyGd1P1bbb\nZtjLeIZszuQ6wM27fCS630XA5P6EuPdlP5II7e34fnXdyDQKfYdz3x7qzTBt5FUA\nx3gnpMOn6hojWKDDAC5fwS0Z9QT69GyhRz/F7LzIpE/h3CYtWG5QRjVcRf0CAwEA\nAQKCAgEAmyqgYIx3FO98vF3v5gGRVEw/HxKf2GwSyCUNBjHngHL201venHDYcAnz\nXsGXgxggzpQuIQWg7cMFmtvWjnjff5WddS43LILETGsUSCgUQy3tK2ZKVNoLUZT4\nXg1JdJyLKwczRB/1cSM1iUXTb58andNaY5rHg/JY6Bcei2qskeD3vReiAUx8XdUH\n4Xe4AIkic9wD9k5fEbmX0cI4epM/WtOAEEdwJtFaA623uqPw/ef74pRAVzRMnSYd\nKtMnuMwC+hA22XxHfbRK2dAhV5Lla9SsM2XQsutkEHcbTJ3GIQs65BcosbxQdFX5\nyrLXwcOALoO7swp4EuQ3NrPa0Yj+AnGHGg3NDmF54JtTZn9QkbCjzTIcdDO3pMG6\nJtH+tkf1vSf+u+SEBGhhSa9gh2xxs0kQJcTg23z2dnFeKhjy4tY5UBwXpYgtWK8N\nElC74yYMbVcvlA/OOuskyYI0w3eBAwFwFaOgf3NEuHKn9KRVBCjjAP4VBugrOM/D\nAweWxajzP+HNXXoTLngr59O3i2RVT0CP1SvX6WxCvCQB0PJ5PWWp4TT39/43+ZXu\niOFMN9VR59mZTyUbZzfqlbVWf/swNin7ffOW4GQBWHZdp+cCRkqiyRVhC74r/1e/\nW4Os9H4RYClznZNjZCdxM7BLRlSM18vfak0qTAGEA4rJUxe3sAECggEBAPPVGMKh\nozE01zRCV57DO1Zr4cO85BJAn+he7aMM6yta+GtNTO5rbn0/hnwxF+BT0xoSO2mr\nss1vMMllGDPZ9eYrdGRKjP+O8LQIHOrs8wbReLv5iah5ooYr4w3EEJ8y82V9hSzR\n/Ok5N/H8/DIoHfdr+aUfunRd8tUojG81PR5uHcDF9ghyHjjVcfy0KBawENE63iY4\ngHZv+KP4K7rkwnL+qAbnYHJz85Rq5fs+TQQ4tqsokpvqX9KlNXTEFddZ0qKf0C7B\nvqOCl4rHrKopz/VFOTEtCpq7R3F2KJJo4unhL26P71x+TqO4YahtkRDDvyW9M//p\nPSvkaWxggD4fSQECggEBAPIwDWRbmLPIzuZLV4twrQNEO4rqUIe/5vxHqpxpKVsS\nwW6QU3eKZbErlQGPyEACN+BenITYvreNp1lCiOw9LUTUM8P14Br4HhslRqHZTJH8\nAyk1oVcgYfxD7vAsQrcmoylrLsQYdt78VWBqc9vccERp8TA+eHhirWhKNp9QfLcc\n7DZCd0+KK35qmxAaccWH9OodJJH+u6TcBOFnz9eF8CvoGY4UVIEOAKv/FTUlR/4i\n4LmDMlrYv4xac70YG56rYdlysmryNAJi5JJeBTn/JApZiuvVluoPoMccQDM+dzra\n23Dt89O3CfGMANZHmmdLsaOjmGDDBr1tKev1IM5RIP0CggEBAOBVRpqLLCGxg+3I\nu+SNqqIwT15PA2bnnjekXu6MjDEvWS8fx4/zt4v0Tj8ky9rQRIDQFWl7Vt47Vp90\nK3hJKDvD7yn2jRLy5/I7JJ/fsRis0G/hfg1LG4RmDFg18zUFI3pUqZo6+H1670Xs\ng/uBfVCOPvj04A8AANKso8gNK1Y76ZPajinnFHclqeHdvqRhCJf3mTuA8HAHRLNX\nOKSSo3Q5Z04ywkGK/KeoUj99ak5f/3Apu/lHATJEXZI4df/T3D9S2a6rAkJdfB9q\n5ikInxQBxETCM+d4NprlIx7Q8TRMwd7u/kIS0zc+BFt5suXBsrN+B8GDTYx8caIM\nhvCgyAECggEBAO4m/HRMcguQkov5WHwA79D/fsGqikgDGCPKYWXvL0CkX9vWRo2N\nZVRkM+FWPydaRxH2V1l3PYuH2yE2ASi1O9esB79R/+7lP82XyS4MXXRMadtTJnVj\nnZcQQlygWXZ6owVupY0lNXcukNH/vDBeQ3Oy7f5v380Z08Vy/OWKoyj5Yvo0P9jS\nWNS2Bgc+ydPhTqAMylJaOLDzvkTc7Y/U4Ih8cuy45yQE3fpEGtmo8HNiXrNt5M1a\nyHk+1QMEOty7ULwgQnxR8XzLPFMF64PNdeZLiQVBgmZluccx65u4eExCvHj/NL5j\nBn8lGgmcXaPn1iXBEG1OOkl5mDi0Um8vbg0CggEBAOmWEj7CYktwqy0x7keslKCa\nuet/UzhlzxgQJuSRh6Nqo7MukXWSN9NXnjS5kQpc8ME8M+rTjC3N6vniv99PNXfe\nB51wWFgzXpQH6rrogkrLPAmA3SDHhAQcIaK8KWt69FtZhWduXBTOjxB4ywlff+/Y\ndG2ggK9MBCBAda+jfZ2SPUazakJTwdaEg/jFh2ephZP61VQCTzVWj+82g5TEYJWO\nsGflylpG8evrTfdGS6tm5ANz8qc8uLd8GIoUGzOCps4Tx2U65vCLKnbpleGGOGte\nbSh1vuQVMjBuv1AgkyfjJ1vaqK04D9TDsPa23dEbMCmjiXkWjnPWtKyj6SasjN8=\n-----END RSA PRIVATE KEY-----\n",
            "private_key_pem_pkcs8": "-----BEGIN PRIVATE KEY-----\nMIIJRQIBADANBgkqhkiG9w0BAQEFAASCCS8wggkrAgEAAoICAQDmrTYeCghS6sF3\n5a8Me26IDssJC8U/+HI3GMSrmuWOeVdCYQ9DShqILbu2cPkJFIiHZ2q32eqyL0Qd\n1WhJHqBfFIo5oLItciwVLkB0Tn27HglMjr+bHw6tnFCqn0A8zN+AQfVtWs8QbR6G\nX1tLwzN6wA2y3YYi8kD18TgEsv9yG1NyxI2m7wGppR4GjE7Wru1UhOlpikNoyX3w\nxiauDHYswSM2g51Q0f1Jy4YNljFNJaniUJ6TtocO571i7no0SRkxDbu36tJGW4Xm\njxrrg5JDALhjJoNiTZOvano/1nvM58uvjH1kWjtUPX91QrP0LCUtV1/zByYyAyvZ\nUb/f38GizIBHvuu+edb8VZ+OtRRwYf04Wy7Nj7v1oX29OnPr6ggzghXE1tmEz+9n\nryZac980dP2N4rWYyTiDuPIqihBgbXqqKbyjRWyDR1kQ7+ElbgN2kt5CVuJMA7N3\nEfmOkjxJ2V+4QoeQTh8udBxcCJeMM2ApC54y6JVtRWQw03CYaCp7vmLZ3QqffpY0\nfVhLL1t3bCEzov3GbsHgboeRxLIZ3U/Vtttm2Mt4hmzO5DrAzbt8JLrfRcDk/oS4\n92U/kgjt7fh+dd3INAp9h3PfHurNMG3kVQDHeCekw6fqGiNYoMMALl/BLRn1BPr0\nbKFHP8XsvMikT+HcJi1YblBGNVxF/QIDAQABAoICAQCbKqBgjHcU73y8Xe/mAZFU\nTD8fEp/YbBLIJQ0GMeeAcvbTW96ccNhwCfNewZeDGCDOlC4hBaDtwwWa29aOeN9/\nlZ11LjcsgsRMaxRIKBRDLe0rZkpU2gtRlPheDUl0nIsrBzNEH/VxIzWJRdNvnxqd\n01pjmseD8ljoFx6LaqyR4Pe9F6IBTHxd1Qfhd7gAiSJz3AP2Tl8RuZfRwjh6kz9a\n04AQR3Am0VoDrbe6o/D95/vilEBXNEydJh0q0ye4zAL6EDbZfEd9tErZ0CFXkuVr\n1KwzZdCy62QQdxtMncYhCzrkFyixvFB0VfnKstfBw4Aug7uzCngS5Dc2s9rRiP4C\ncYcaDc0OYXngm1Nmf1CRsKPNMhx0M7ekwbom0f62R/W9J/675IQEaGFJr2CHbHGz\nSRAlxODbfPZ2cV4qGPLi1jlQHBeliC1Yrw0SULvjJgxtVy+UD8466yTJgjTDd4ED\nAXAVo6B/c0S4cqf0pFUEKOMA/hUG6Cs4z8MDB5bFqPM/4c1dehMueCvn07eLZFVP\nQI/VK9fpbEK8JAHQ8nk9ZanhNPf3/jf5le6I4Uw31VHn2ZlPJRtnN+qVtVZ/+zA2\nKft985bgZAFYdl2n5wJGSqLJFWELviv/V79bg6z0fhFgKXOdk2NkJ3EzsEtGVIzX\ny99qTSpMAYQDislTF7ewAQKCAQEA89UYwqGjMTTXNEJXnsM7Vmvhw7zkEkCf6F7t\nowzrK1r4a01M7mtufT+GfDEX4FPTGhI7aauyzW8wyWUYM9n15it0ZEqM/47wtAgc\n6uzzBtF4u/mJqHmihivjDcQQnzLzZX2FLNH86Tk38fz8Migd92v5pR+6dF3y1SiM\nbzU9Hm4dwMX2CHIeONVx/LQoFrAQ0TreJjiAdm/4o/gruuTCcv6oBudgcnPzlGrl\n+z5NBDi2qyiSm+pf0qU1dMQV11nSop/QLsG+o4KXisesqinP9UU5MS0KmrtHcXYo\nkmji6eEvbo/vXH5Oo7hhqG2REMO/Jb0z/+k9K+RpbGCAPh9JAQKCAQEA8jANZFuY\ns8jO5ktXi3CtA0Q7iupQh7/m/EeqnGkpWxLBbpBTd4plsSuVAY/IQAI34F6chNi+\nt42nWUKI7D0tRNQzw/XgGvgeGyVGodlMkfwDKTWhVyBh/EPu8CxCtyajKWsuxBh2\n3vxVYGpz29xwRGnxMD54eGKtaEo2n1B8txzsNkJ3T4orfmqbEBpxxYf06h0kkf67\npNwE4WfP14XwK+gZjhRUgQ4Aq/8VNSVH/iLguYMyWti/jFpzvRgbnqth2XKyavI0\nAmLkkl4FOf8kClmK69WW6g+gxxxAMz53OtrbcO3z07cJ8YwA1keaZ0uxo6OYYMMG\nvW0p6/UgzlEg/QKCAQEA4FVGmossIbGD7ci75I2qojBPXk8DZueeN6Re7oyMMS9Z\nLx/Hj/O3i/ROPyTL2tBEgNAVaXtW3jtWn3QreEkoO8PvKfaNEvLn8jskn9+xGKzQ\nb+F+DUsbhGYMWDXzNQUjelSpmjr4fXrvReyD+4F9UI4++PTgDwAA0qyjyA0rVjvp\nk9qOKecUdyWp4d2+pGEIl/eZO4DwcAdEs1c4pJKjdDlnTjLCQYr8p6hSP31qTl//\ncCm7+UcBMkRdkjh1/9PcP1LZrqsCQl18H2rmKQifFAHERMIz53g2muUjHtDxNEzB\n3u7+QhLTNz4EW3my5cGys34HwYNNjHxxogyG8KDIAQKCAQEA7ib8dExyC5CSi/lY\nfADv0P9+waqKSAMYI8phZe8vQKRf29ZGjY1lVGQz4VY/J1pHEfZXWXc9i4fbITYB\nKLU716wHv1H/7uU/zZfJLgxddExp21MmdWOdlxBCXKBZdnqjBW6ljSU1dy6Q0f+8\nMF5Dc7Lt/m/fzRnTxXL85YqjKPli+jQ/2NJY1LYGBz7J0+FOoAzKUlo4sPO+RNzt\nj9TgiHxy7LjnJATd+kQa2ajwc2Jes23kzVrIeT7VAwQ63LtQvCBCfFHxfMs8UwXr\ng8115kuJBUGCZmW5xzHrm7h4TEK8eP80vmMGfyUaCZxdo+fWJcEQbU46SXmYOLRS\nby9uDQKCAQEA6ZYSPsJiS3CrLTHuR6yUoJq5639TOGXPGBAm5JGHo2qjsy6RdZI3\n01eeNLmRClzwwTwz6tOMLc3q+eK/3081d94HnXBYWDNelAfquuiCSss8CYDdIMeE\nBBwhorwpa3r0W1mFZ25cFM6PEHjLCV9/79h0baCAr0wEIEB1r6N9nZI9RrNqQlPB\n1oSD+MWHZ6mFk/rVVAJPNVaP7zaDlMRglY6wZ+XKWkbx6+tN90ZLq2bkA3Pypzy4\nt3wYihQbM4KmzhPHZTrm8IsqdumV4YY4a15tKHW+5BUyMG6/UCCTJ+MnW9qorTgP\n1MOw9rbd0RswKaOJeRaOc9a0rKPpJqyM3w==\n-----END PRIVATE KEY-----\n",
            "public_key_fingerprint_md5": "2b:2e:63:bf:26:36:5e:7d:86:b4:93:86:0a:a0:b3:99",
            "public_key_fingerprint_sha256": "SHA256:kuEPxnWXG0yyEd3F1dU9XtC6+16TdreWOTxOl9fzwK4",
            "public_key_openssh": "ssh-rsa AAAAB3NzaC1yc2EAAAADAQABAAACAQDmrTYeCghS6sF35a8Me26IDssJC8U/+HI3GMSrmuWOeVdCYQ9DShqILbu2cPkJFIiHZ2q32eqyL0Qd1WhJHqBfFIo5oLItciwVLkB0Tn27HglMjr+bHw6tnFCqn0A8zN+AQfVtWs8QbR6GX1tLwzN6wA2y3YYi8kD18TgEsv9yG1NyxI2m7wGppR4GjE7Wru1UhOlpikNoyX3wxiauDHYswSM2g51Q0f1Jy4YNljFNJaniUJ6TtocO571i7no0SRkxDbu36tJGW4Xmjxrrg5JDALhjJoNiTZOvano/1nvM58uvjH1kWjtUPX91QrP0LCUtV1/zByYyAyvZUb/f38GizIBHvuu+edb8VZ+OtRRwYf04Wy7Nj7v1oX29OnPr6ggzghXE1tmEz+9nryZac980dP2N4rWYyTiDuPIqihBgbXqqKbyjRWyDR1kQ7+ElbgN2kt5CVuJMA7N3EfmOkjxJ2V+4QoeQTh8udBxcCJeMM2ApC54y6JVtRWQw03CYaCp7vmLZ3QqffpY0fVhLL1t3bCEzov3GbsHgboeRxLIZ3U/Vtttm2Mt4hmzO5DrAzbt8JLrfRcDk/oS492U/kgjt7fh+dd3INAp9h3PfHurNMG3kVQDHeCekw6fqGiNYoMMALl/BLRn1BPr0bKFHP8XsvMikT+HcJi1YblBGNVxF/Q==\n",
            "public_key_pem": "-----BEGIN PUBLIC KEY-----\nMIICIjANBgkqhkiG9w0BAQEFAAOCAg8AMIICCgKCAgEA5q02HgoIUurBd+WvDHtu\niA7LCQvFP/hyNxjEq5rljnlXQmEPQ0oaiC27tnD5CRSIh2dqt9nqsi9EHdVoSR6g\nXxSKOaCyLXIsFS5AdE59ux4JTI6/mx8OrZxQqp9APMzfgEH1bVrPEG0ehl9bS8Mz\nesANst2GIvJA9fE4BLL/chtTcsSNpu8BqaUeBoxO1q7tVITpaYpDaMl98MYmrgx2\nLMEjNoOdUNH9ScuGDZYxTSWp4lCek7aHDue9Yu56NEkZMQ27t+rSRluF5o8a64OS\nQwC4YyaDYk2Tr2p6P9Z7zOfLr4x9ZFo7VD1/dUKz9CwlLVdf8wcmMgMr2VG/39/B\nosyAR77rvnnW/FWfjrUUcGH9OFsuzY+79aF9vTpz6+oIM4IVxNbZhM/vZ68mWnPf\nNHT9jeK1mMk4g7jyKooQYG16qim8o0Vsg0dZEO/hJW4DdpLeQlbiTAOzdxH5jpI8\nSdlfuEKHkE4fLnQcXAiXjDNgKQueMuiVbUVkMNNwmGgqe75i2d0Kn36WNH1YSy9b\nd2whM6L9xm7B4G6HkcSyGd1P1bbbZtjLeIZszuQ6wM27fCS630XA5P6EuPdlP5II\n7e34fnXdyDQKfYdz3x7qzTBt5FUAx3gnpMOn6hojWKDDAC5fwS0Z9QT69GyhRz/F\n7LzIpE/h3CYtWG5QRjVcRf0CAwEAAQ==\n-----END PUBLIC KEY-----\n",
            "rsa_bits": 4096
          },
          "sensitive_attributes": [
            [
              {
                "type": "get_attr",
                "value": "private_key_openssh"
              }
            ],
            [
              {
                "type": "get_attr",
                "value": "private_key_pem"
              }
            ],
            [
              {
                "type": "get_attr",
                "value": "private_key_pem_pkcs8"
              }
            ]
          ],
          "create_before_destroy": true
        }
      ]
    }
  ],
  "check_results": null
}
