{
  "version": 4,
  "terraform_version": "1.10.5",
  "serial": 613,
  "lineage": "c71c4baa-ba4e-4ff5-c518-064b1b958ed3",
  "outputs": {
    "mysql_private_ip": {
      "value": "10.0.2.144",
      "type": "string"
    },
    "webapp_public_ip": {
      "value": "18.118.37.143",
      "type": "string"
    }
  },
  "resources": [
    {
      "mode": "managed",
      "type": "aws_eip",
      "name": "nat",
      "provider": "provider[\"registry.terraform.io/hashicorp/aws\"]",
      "instances": [
        {
          "schema_version": 0,
          "attributes": {
            "address": null,
            "allocation_id": "eipalloc-0d50b4ba989efb3af",
            "associate_with_private_ip": null,
            "association_id": "",
            "carrier_ip": "",
            "customer_owned_ip": "",
            "customer_owned_ipv4_pool": "",
            "domain": "vpc",
            "id": "eipalloc-0d50b4ba989efb3af",
            "instance": "",
            "network_border_group": "us-east-2",
            "network_interface": "",
            "private_dns": null,
            "private_ip": "",
            "public_dns": "ec2-3-13-131-204.us-east-2.compute.amazonaws.com",
            "public_ip": "3.13.131.204",
            "public_ipv4_pool": "amazon",
            "tags": null,
            "tags_all": {},
            "timeouts": null,
            "vpc": true
          },
          "sensitive_attributes": [],
          "private": "eyJlMmJmYjczMC1lY2FhLTExZTYtOGY4OC0zNDM2M2JjN2M0YzAiOnsiZGVsZXRlIjoxODAwMDAwMDAwMDAsInJlYWQiOjkwMDAwMDAwMDAwMCwidXBkYXRlIjozMDAwMDAwMDAwMDB9fQ=="
        }
      ]
    },
    {
      "mode": "managed",
      "type": "aws_eip",
      "name": "webapp_eip",
      "provider": "provider[\"registry.terraform.io/hashicorp/aws\"]",
      "instances": [
        {
          "schema_version": 0,
          "attributes": {
            "address": null,
            "allocation_id": "eipalloc-08d5142dec014f201",
            "associate_with_private_ip": null,
            "association_id": "eipassoc-0ec203dc3d209f8b8",
            "carrier_ip": "",
            "customer_owned_ip": "",
            "customer_owned_ipv4_pool": "",
            "domain": "vpc",
            "id": "eipalloc-08d5142dec014f201",
            "instance": "i-001f19e4de51d61f2",
            "network_border_group": "us-east-2",
            "network_interface": "eni-0dd9318603f97ff1f",
            "private_dns": "ip-10-0-1-193.us-east-2.compute.internal",
            "private_ip": "10.0.1.193",
            "public_dns": "ec2-3-130-175-140.us-east-2.compute.amazonaws.com",
            "public_ip": "3.130.175.140",
            "public_ipv4_pool": "amazon",
            "tags": null,
            "tags_all": {},
            "timeouts": null,
            "vpc": true
          },
          "sensitive_attributes": [],
          "private": "eyJlMmJmYjczMC1lY2FhLTExZTYtOGY4OC0zNDM2M2JjN2M0YzAiOnsiZGVsZXRlIjoxODAwMDAwMDAwMDAsInJlYWQiOjkwMDAwMDAwMDAwMCwidXBkYXRlIjozMDAwMDAwMDAwMDB9fQ==",
          "dependencies": [
            "aws_instance.mysql",
            "aws_instance.webapp",
            "aws_key_pair.deployer",
            "aws_security_group.mysql_sg",
            "aws_security_group.webapp_sg",
            "aws_subnet.private_subnet",
            "aws_subnet.public_subnet",
            "aws_vpc.main",
            "tls_private_key.deployer"
          ]
        }
      ]
    },
    {
      "mode": "managed",
      "type": "aws_instance",
      "name": "mysql",
      "provider": "provider[\"registry.terraform.io/hashicorp/aws\"]",
      "instances": [
        {
          "schema_version": 1,
          "attributes": {
            "ami": "ami-0ea98d19157336419",
            "arn": "arn:aws:ec2:us-east-2:216989117911:instance/i-055bb3e4758845e4e",
            "associate_public_ip_address": false,
            "availability_zone": "us-east-2c",
            "capacity_reservation_specification": [
              {
                "capacity_reservation_preference": "open",
                "capacity_reservation_target": []
              }
            ],
            "cpu_core_count": 1,
            "cpu_options": [
              {
                "amd_sev_snp": "",
                "core_count": 1,
                "threads_per_core": 1
              }
            ],
            "cpu_threads_per_core": 1,
            "credit_specification": [
              {
                "cpu_credits": "standard"
              }
            ],
            "disable_api_stop": false,
            "disable_api_termination": false,
            "ebs_block_device": [
              {
                "delete_on_termination": false,
                "device_name": "/dev/sdx",
                "encrypted": false,
                "iops": 3000,
                "kms_key_id": "",
                "snapshot_id": "snap-0693e385a632531b8",
                "tags": {},
                "throughput": 125,
                "volume_id": "vol-032619d9658fcc934",
                "volume_size": 100,
                "volume_type": "gp3"
              }
            ],
            "ebs_optimized": false,
            "enclave_options": [
              {
                "enabled": false
              }
            ],
            "ephemeral_block_device": [],
            "get_password_data": false,
            "hibernation": false,
            "host_id": "",
            "host_resource_group_arn": null,
            "iam_instance_profile": "",
            "id": "i-055bb3e4758845e4e",
            "instance_initiated_shutdown_behavior": "stop",
            "instance_state": "running",
            "instance_type": "t2.micro",
            "ipv6_address_count": 0,
            "ipv6_addresses": [],
            "key_name": "deployer-key",
            "launch_template": [],
            "maintenance_options": [
              {
                "auto_recovery": "default"
              }
            ],
            "metadata_options": [
              {
                "http_endpoint": "enabled",
                "http_put_response_hop_limit": 2,
                "http_tokens": "required",
                "instance_metadata_tags": "disabled"
              }
            ],
            "monitoring": false,
            "network_interface": [],
            "outpost_arn": "",
            "password_data": "",
            "placement_group": "",
            "placement_partition_number": 0,
            "primary_network_interface_id": "eni-08b3ceed6a123fe19",
            "private_dns": "ip-10-0-2-144.us-east-2.compute.internal",
            "private_dns_name_options": [
              {
                "enable_resource_name_dns_a_record": false,
                "enable_resource_name_dns_aaaa_record": false,
                "hostname_type": "ip-name"
              }
            ],
            "private_ip": "10.0.2.144",
            "public_dns": "",
            "public_ip": "",
            "root_block_device": [
              {
                "delete_on_termination": true,
                "device_name": "/dev/sda1",
                "encrypted": false,
                "iops": 3000,
                "kms_key_id": "",
                "tags": {},
                "throughput": 125,
                "volume_id": "vol-06bcb2e4c4482404a",
                "volume_size": 8,
                "volume_type": "gp3"
              }
            ],
            "secondary_private_ips": [],
            "security_groups": [
              "sg-04c71de0a0461a6ca"
            ],
            "source_dest_check": true,
            "subnet_id": "subnet-00e1d01a9851659e0",
            "tags": {
              "Name": "MySQL"
            },
            "tags_all": {
              "Name": "MySQL"
            },
            "tenancy": "default",
            "timeouts": null,
            "user_data": "3ecb3ffaa511e813f84fd87120b1db92144a2d76",
            "user_data_base64": null,
            "user_data_replace_on_change": false,
            "volume_tags": null,
            "vpc_security_group_ids": [
              "sg-04c71de0a0461a6ca"
            ]
          },
          "sensitive_attributes": [],
          "private": "eyJlMmJmYjczMC1lY2FhLTExZTYtOGY4OC0zNDM2M2JjN2M0YzAiOnsiY3JlYXRlIjo2MDAwMDAwMDAwMDAsImRlbGV0ZSI6MTIwMDAwMDAwMDAwMCwidXBkYXRlIjo2MDAwMDAwMDAwMDB9LCJzY2hlbWFfdmVyc2lvbiI6IjEifQ==",
          "dependencies": [
            "aws_key_pair.deployer",
            "aws_security_group.mysql_sg",
            "aws_subnet.private_subnet",
            "aws_vpc.main",
            "tls_private_key.deployer"
          ]
        }
      ]
    },
    {
      "mode": "managed",
      "type": "aws_instance",
      "name": "webapp",
      "provider": "provider[\"registry.terraform.io/hashicorp/aws\"]",
      "instances": [
        {
          "schema_version": 1,
          "attributes": {
            "ami": "ami-074230303a3bfc27b",
            "arn": "arn:aws:ec2:us-east-2:216989117911:instance/i-001f19e4de51d61f2",
            "associate_public_ip_address": true,
            "availability_zone": "us-east-2a",
            "capacity_reservation_specification": [
              {
                "capacity_reservation_preference": "open",
                "capacity_reservation_target": []
              }
            ],
            "cpu_core_count": 1,
            "cpu_options": [
              {
                "amd_sev_snp": "",
                "core_count": 1,
                "threads_per_core": 1
              }
            ],
            "cpu_threads_per_core": 1,
            "credit_specification": [
              {
                "cpu_credits": "standard"
              }
            ],
            "disable_api_stop": false,
            "disable_api_termination": false,
            "ebs_block_device": [],
            "ebs_optimized": false,
            "enclave_options": [
              {
                "enabled": false
              }
            ],
            "ephemeral_block_device": [],
            "get_password_data": false,
            "hibernation": false,
            "host_id": "",
            "host_resource_group_arn": null,
            "iam_instance_profile": "",
            "id": "i-001f19e4de51d61f2",
            "instance_initiated_shutdown_behavior": "stop",
            "instance_state": "running",
            "instance_type": "t2.micro",
            "ipv6_address_count": 0,
            "ipv6_addresses": [],
            "key_name": "deployer-key",
            "launch_template": [],
            "maintenance_options": [
              {
                "auto_recovery": "default"
              }
            ],
            "metadata_options": [
              {
                "http_endpoint": "enabled",
                "http_put_response_hop_limit": 2,
                "http_tokens": "required",
                "instance_metadata_tags": "disabled"
              }
            ],
            "monitoring": false,
            "network_interface": [],
            "outpost_arn": "",
            "password_data": "",
            "placement_group": "",
            "placement_partition_number": 0,
            "primary_network_interface_id": "eni-0dd9318603f97ff1f",
            "private_dns": "ip-10-0-1-193.us-east-2.compute.internal",
            "private_dns_name_options": [
              {
                "enable_resource_name_dns_a_record": false,
                "enable_resource_name_dns_aaaa_record": false,
                "hostname_type": "ip-name"
              }
            ],
            "private_ip": "10.0.1.193",
            "public_dns": "",
            "public_ip": "18.118.37.143",
            "root_block_device": [
              {
                "delete_on_termination": true,
                "device_name": "/dev/sda1",
                "encrypted": false,
                "iops": 3000,
                "kms_key_id": "",
                "tags": {},
                "throughput": 125,
                "volume_id": "vol-06b5a77aae2bbb6e0",
                "volume_size": 8,
                "volume_type": "gp3"
              }
            ],
            "secondary_private_ips": [],
            "security_groups": [
              "sg-04a40ac9db5fe3549"
            ],
            "source_dest_check": true,
            "subnet_id": "subnet-0544b196e35e2ef91",
            "tags": {
              "Name": "WebApp"
            },
            "tags_all": {
              "Name": "WebApp"
            },
            "tenancy": "default",
            "timeouts": null,
            "user_data": "2bf45ae737de33ebce96e61b2a45cdb6349ab716",
            "user_data_base64": null,
            "user_data_replace_on_change": false,
            "volume_tags": null,
            "vpc_security_group_ids": [
              "sg-04a40ac9db5fe3549"
            ]
          },
          "sensitive_attributes": [],
          "private": "eyJlMmJmYjczMC1lY2FhLTExZTYtOGY4OC0zNDM2M2JjN2M0YzAiOnsiY3JlYXRlIjo2MDAwMDAwMDAwMDAsImRlbGV0ZSI6MTIwMDAwMDAwMDAwMCwidXBkYXRlIjo2MDAwMDAwMDAwMDB9LCJzY2hlbWFfdmVyc2lvbiI6IjEifQ==",
          "dependencies": [
            "aws_instance.mysql",
            "aws_key_pair.deployer",
            "aws_security_group.mysql_sg",
            "aws_security_group.webapp_sg",
            "aws_subnet.private_subnet",
            "aws_subnet.public_subnet",
            "aws_vpc.main",
            "tls_private_key.deployer"
          ]
        }
      ]
    },
    {
      "mode": "managed",
      "type": "aws_internet_gateway",
      "name": "igw",
      "provider": "provider[\"registry.terraform.io/hashicorp/aws\"]",
      "instances": [
        {
          "schema_version": 0,
          "attributes": {
            "arn": "arn:aws:ec2:us-east-2:216989117911:internet-gateway/igw-03ec3c42c4b5f7925",
            "id": "igw-03ec3c42c4b5f7925",
            "owner_id": "216989117911",
            "tags": null,
            "tags_all": {},
            "timeouts": null,
            "vpc_id": "vpc-0dcd428b828a5e21a"
          },
          "sensitive_attributes": [],
          "private": "eyJlMmJmYjczMC1lY2FhLTExZTYtOGY4OC0zNDM2M2JjN2M0YzAiOnsiY3JlYXRlIjoxMjAwMDAwMDAwMDAwLCJkZWxldGUiOjEyMDAwMDAwMDAwMDAsInVwZGF0ZSI6MTIwMDAwMDAwMDAwMH19",
          "dependencies": [
            "aws_vpc.main"
          ]
        }
      ]
    },
    {
      "mode": "managed",
      "type": "aws_key_pair",
      "name": "deployer",
      "provider": "provider[\"registry.terraform.io/hashicorp/aws\"]",
      "instances": [
        {
          "schema_version": 1,
          "attributes": {
            "arn": "arn:aws:ec2:us-east-2:216989117911:key-pair/deployer-key",
            "fingerprint": "78:dc:f2:f5:57:d8:a9:8e:a9:85:22:cb:f0:75:a1:b0",
            "id": "deployer-key",
            "key_name": "deployer-key",
            "key_name_prefix": "",
            "key_pair_id": "key-0e27b94f876fe0dba",
            "key_type": "rsa",
            "public_key": "ssh-rsa AAAAB3NzaC1yc2EAAAADAQABAAACAQDcuwpZlv2iSxDBZY+WNLjB+XdIHHgcDMvEaPpIwNOAwxamgfLKrR1rltbs+EBSAcDMSG/nyYpYmSLp9MW2uO2ZZtbRlErghRUl1hN8U3D3vgoXKmnKyrWZIvyvk1k94QSj1gCclBl8KIdgaITlI088NIej70eNa42poiXNzzJqq99W74YTh8UOjLgzoZOkv9sKiFXp2C99wdFn6rkNoDOHfD3k1SDaQVQ62sTr9dvH2SBqV8jUEFG3enJ5gGFNhU7IJhvYRBjxqXiXMR/nig+s4CV9H3eSmwT6ns1hvsDaC5yXzq3CaPUlYBTN78HAjBCZyWwnFksov8Z8nMgya7UMtkN5p6U7o4zRXqs9bSSa4aiqirNbfgsFT9b7wBegv4wgdEX/BdnZicGm+Xc7w/kQOFW4BQoq+1FITJ/WbIOmNOr465cdTOBx7N7x7nydzqrYimZuXaZYri9DvUzsHibaoV/VRQa2l2FH7apbDF0h1UgxOSDnfeQsP6iASYpX7SCzr3iy95db47NWK1tBrRZVrcQsmxCsSUEcDFGE+KC78g4I7gezG54VYmc4qN91b+MvRGhjH9bS/nFsbfes2gHyLDqxTLAWLflnAQKFOnvNI5GcvZq9bXj1SUJVxPyKSHwixbedIp8Rb1EJkw/KmOIgZRMeOMgck6Nkx+2XkbjPpw==",
            "tags": null,
            "tags_all": {}
          },
          "sensitive_attributes": [],
          "private": "eyJzY2hlbWFfdmVyc2lvbiI6IjEifQ==",
          "dependencies": [
            "tls_private_key.deployer"
          ]
        }
      ]
    },
    {
      "mode": "managed",
      "type": "aws_nat_gateway",
      "name": "nat",
      "provider": "provider[\"registry.terraform.io/hashicorp/aws\"]",
      "instances": [
        {
          "schema_version": 0,
          "attributes": {
            "allocation_id": "eipalloc-0d50b4ba989efb3af",
            "association_id": "eipassoc-037289962b28a8035",
            "connectivity_type": "public",
            "id": "nat-001878ddee966b79e",
            "network_interface_id": "eni-0a57ad18eb8b5ecd9",
            "private_ip": "10.0.1.208",
            "public_ip": "3.13.131.204",
            "subnet_id": "subnet-0544b196e35e2ef91",
            "tags": {
              "Name": "NAT Gateway"
            },
            "tags_all": {
              "Name": "NAT Gateway"
            }
          },
          "sensitive_attributes": [],
          "private": "bnVsbA==",
          "dependencies": [
            "aws_eip.nat",
            "aws_subnet.public_subnet",
            "aws_vpc.main"
          ]
        }
      ]
    },
    {
      "mode": "managed",
      "type": "aws_route_table",
      "name": "private_rt",
      "provider": "provider[\"registry.terraform.io/hashicorp/aws\"]",
      "instances": [
        {
          "schema_version": 0,
          "attributes": {
            "arn": "arn:aws:ec2:us-east-2:216989117911:route-table/rtb-007aab961242e3ad7",
            "id": "rtb-007aab961242e3ad7",
            "owner_id": "216989117911",
            "propagating_vgws": [],
            "route": [
              {
                "carrier_gateway_id": "",
                "cidr_block": "0.0.0.0/0",
                "core_network_arn": "",
                "destination_prefix_list_id": "",
                "egress_only_gateway_id": "",
                "gateway_id": "",
                "instance_id": "",
                "ipv6_cidr_block": "",
                "local_gateway_id": "",
                "nat_gateway_id": "nat-001878ddee966b79e",
                "network_interface_id": "",
                "transit_gateway_id": "",
                "vpc_endpoint_id": "",
                "vpc_peering_connection_id": ""
              }
            ],
            "tags": null,
            "tags_all": {},
            "timeouts": null,
            "vpc_id": "vpc-0dcd428b828a5e21a"
          },
          "sensitive_attributes": [],
          "private": "eyJlMmJmYjczMC1lY2FhLTExZTYtOGY4OC0zNDM2M2JjN2M0YzAiOnsiY3JlYXRlIjozMDAwMDAwMDAwMDAsImRlbGV0ZSI6MzAwMDAwMDAwMDAwLCJ1cGRhdGUiOjEyMDAwMDAwMDAwMH19",
          "dependencies": [
            "aws_eip.nat",
            "aws_nat_gateway.nat",
            "aws_subnet.public_subnet",
            "aws_vpc.main"
          ]
        }
      ]
    },
    {
      "mode": "managed",
      "type": "aws_route_table",
      "name": "public_rt",
      "provider": "provider[\"registry.terraform.io/hashicorp/aws\"]",
      "instances": [
        {
          "schema_version": 0,
          "attributes": {
            "arn": "arn:aws:ec2:us-east-2:216989117911:route-table/rtb-0a48dcf61bbc12f7d",
            "id": "rtb-0a48dcf61bbc12f7d",
            "owner_id": "216989117911",
            "propagating_vgws": [],
            "route": [
              {
                "carrier_gateway_id": "",
                "cidr_block": "0.0.0.0/0",
                "core_network_arn": "",
                "destination_prefix_list_id": "",
                "egress_only_gateway_id": "",
                "gateway_id": "igw-03ec3c42c4b5f7925",
                "instance_id": "",
                "ipv6_cidr_block": "",
                "local_gateway_id": "",
                "nat_gateway_id": "",
                "network_interface_id": "",
                "transit_gateway_id": "",
                "vpc_endpoint_id": "",
                "vpc_peering_connection_id": ""
              }
            ],
            "tags": null,
            "tags_all": {},
            "timeouts": null,
            "vpc_id": "vpc-0dcd428b828a5e21a"
          },
          "sensitive_attributes": [],
          "private": "eyJlMmJmYjczMC1lY2FhLTExZTYtOGY4OC0zNDM2M2JjN2M0YzAiOnsiY3JlYXRlIjozMDAwMDAwMDAwMDAsImRlbGV0ZSI6MzAwMDAwMDAwMDAwLCJ1cGRhdGUiOjEyMDAwMDAwMDAwMH19",
          "dependencies": [
            "aws_internet_gateway.igw",
            "aws_vpc.main"
          ]
        }
      ]
    },
    {
      "mode": "managed",
      "type": "aws_route_table_association",
      "name": "private_assoc",
      "provider": "provider[\"registry.terraform.io/hashicorp/aws\"]",
      "instances": [
        {
          "schema_version": 0,
          "attributes": {
            "gateway_id": "",
            "id": "rtbassoc-0eb571e7a2154ef5f",
            "route_table_id": "rtb-007aab961242e3ad7",
            "subnet_id": "subnet-00e1d01a9851659e0",
            "timeouts": null
          },
          "sensitive_attributes": [],
          "private": "eyJlMmJmYjczMC1lY2FhLTExZTYtOGY4OC0zNDM2M2JjN2M0YzAiOnsiY3JlYXRlIjozMDAwMDAwMDAwMDAsImRlbGV0ZSI6MzAwMDAwMDAwMDAwLCJ1cGRhdGUiOjEyMDAwMDAwMDAwMH19",
          "dependencies": [
            "aws_eip.nat",
            "aws_nat_gateway.nat",
            "aws_route_table.private_rt",
            "aws_subnet.private_subnet",
            "aws_subnet.public_subnet",
            "aws_vpc.main"
          ]
        }
      ]
    },
    {
      "mode": "managed",
      "type": "aws_route_table_association",
      "name": "public_assoc",
      "provider": "provider[\"registry.terraform.io/hashicorp/aws\"]",
      "instances": [
        {
          "schema_version": 0,
          "attributes": {
            "gateway_id": "",
            "id": "rtbassoc-0083fa24919288f88",
            "route_table_id": "rtb-0a48dcf61bbc12f7d",
            "subnet_id": "subnet-0544b196e35e2ef91",
            "timeouts": null
          },
          "sensitive_attributes": [],
          "private": "eyJlMmJmYjczMC1lY2FhLTExZTYtOGY4OC0zNDM2M2JjN2M0YzAiOnsiY3JlYXRlIjozMDAwMDAwMDAwMDAsImRlbGV0ZSI6MzAwMDAwMDAwMDAwLCJ1cGRhdGUiOjEyMDAwMDAwMDAwMH19",
          "dependencies": [
            "aws_internet_gateway.igw",
            "aws_route_table.public_rt",
            "aws_subnet.public_subnet",
            "aws_vpc.main"
          ]
        }
      ]
    },
    {
      "mode": "managed",
      "type": "aws_security_group",
      "name": "mysql_sg",
      "provider": "provider[\"registry.terraform.io/hashicorp/aws\"]",
      "instances": [
        {
          "schema_version": 1,
          "attributes": {
            "arn": "arn:aws:ec2:us-east-2:216989117911:security-group/sg-04c71de0a0461a6ca",
            "description": "Managed by Terraform",
            "egress": [
              {
                "cidr_blocks": [
                  "0.0.0.0/0"
                ],
                "description": "",
                "from_port": 0,
                "ipv6_cidr_blocks": [],
                "prefix_list_ids": [],
                "protocol": "-1",
                "security_groups": [],
                "self": false,
                "to_port": 0
              }
            ],
            "id": "sg-04c71de0a0461a6ca",
            "ingress": [
              {
                "cidr_blocks": [
                  "0.0.0.0/0"
                ],
                "description": "",
                "from_port": 22,
                "ipv6_cidr_blocks": [],
                "prefix_list_ids": [],
                "protocol": "tcp",
                "security_groups": [],
                "self": false,
                "to_port": 22
              }
            ],
            "name": "terraform-20250212174903409300000001",
            "name_prefix": "terraform-",
            "owner_id": "216989117911",
            "revoke_rules_on_delete": false,
            "tags": null,
            "tags_all": {},
            "timeouts": null,
            "vpc_id": "vpc-0dcd428b828a5e21a"
          },
          "sensitive_attributes": [],
          "private": "eyJlMmJmYjczMC1lY2FhLTExZTYtOGY4OC0zNDM2M2JjN2M0YzAiOnsiY3JlYXRlIjo2MDAwMDAwMDAwMDAsImRlbGV0ZSI6OTAwMDAwMDAwMDAwfSwic2NoZW1hX3ZlcnNpb24iOiIxIn0=",
          "dependencies": [
            "aws_vpc.main"
          ]
        }
      ]
    },
    {
      "mode": "managed",
      "type": "aws_security_group",
      "name": "webapp_sg",
      "provider": "provider[\"registry.terraform.io/hashicorp/aws\"]",
      "instances": [
        {
          "schema_version": 1,
          "attributes": {
            "arn": "arn:aws:ec2:us-east-2:216989117911:security-group/sg-04a40ac9db5fe3549",
            "description": "Managed by Terraform",
            "egress": [
              {
                "cidr_blocks": [
                  "0.0.0.0/0"
                ],
                "description": "",
                "from_port": 0,
                "ipv6_cidr_blocks": [],
                "prefix_list_ids": [],
                "protocol": "-1",
                "security_groups": [],
                "self": false,
                "to_port": 0
              }
            ],
            "id": "sg-04a40ac9db5fe3549",
            "ingress": [
              {
                "cidr_blocks": [
                  "0.0.0.0/0"
                ],
                "description": "",
                "from_port": 22,
                "ipv6_cidr_blocks": [],
                "prefix_list_ids": [],
                "protocol": "tcp",
                "security_groups": [],
                "self": false,
                "to_port": 22
              },
              {
                "cidr_blocks": [
                  "0.0.0.0/0"
                ],
                "description": "",
                "from_port": 80,
                "ipv6_cidr_blocks": [],
                "prefix_list_ids": [],
                "protocol": "tcp",
                "security_groups": [],
                "self": false,
                "to_port": 80
              }
            ],
            "name": "terraform-20250212174903409500000002",
            "name_prefix": "terraform-",
            "owner_id": "216989117911",
            "revoke_rules_on_delete": false,
            "tags": null,
            "tags_all": {},
            "timeouts": null,
            "vpc_id": "vpc-0dcd428b828a5e21a"
          },
          "sensitive_attributes": [],
          "private": "eyJlMmJmYjczMC1lY2FhLTExZTYtOGY4OC0zNDM2M2JjN2M0YzAiOnsiY3JlYXRlIjo2MDAwMDAwMDAwMDAsImRlbGV0ZSI6OTAwMDAwMDAwMDAwfSwic2NoZW1hX3ZlcnNpb24iOiIxIn0=",
          "dependencies": [
            "aws_vpc.main"
          ]
        }
      ]
    },
    {
      "mode": "managed",
      "type": "aws_security_group_rule",
      "name": "mysql_allow_webapp",
      "provider": "provider[\"registry.terraform.io/hashicorp/aws\"]",
      "instances": [
        {
          "schema_version": 2,
          "attributes": {
            "cidr_blocks": null,
            "description": null,
            "from_port": 3306,
            "id": "sgrule-4219304388",
            "ipv6_cidr_blocks": null,
            "prefix_list_ids": null,
            "protocol": "tcp",
            "security_group_id": "sg-04c71de0a0461a6ca",
            "security_group_rule_id": "sgr-0af53a7d535008fce",
            "self": false,
            "source_security_group_id": "sg-04a40ac9db5fe3549",
            "timeouts": null,
            "to_port": 3306,
            "type": "ingress"
          },
          "sensitive_attributes": [],
          "private": "eyJlMmJmYjczMC1lY2FhLTExZTYtOGY4OC0zNDM2M2JjN2M0YzAiOnsiY3JlYXRlIjozMDAwMDAwMDAwMDB9LCJzY2hlbWFfdmVyc2lvbiI6IjIifQ==",
          "dependencies": [
            "aws_security_group.mysql_sg",
            "aws_security_group.webapp_sg",
            "aws_vpc.main"
          ]
        }
      ]
    },
    {
      "mode": "managed",
      "type": "aws_security_group_rule",
      "name": "webapp_to_mysql",
      "provider": "provider[\"registry.terraform.io/hashicorp/aws\"]",
      "instances": [
        {
          "schema_version": 2,
          "attributes": {
            "cidr_blocks": null,
            "description": null,
            "from_port": 3306,
            "id": "sgrule-3060372501",
            "ipv6_cidr_blocks": null,
            "prefix_list_ids": null,
            "protocol": "tcp",
            "security_group_id": "sg-04a40ac9db5fe3549",
            "security_group_rule_id": "sgr-0bbe5958831624cb8",
            "self": false,
            "source_security_group_id": "sg-04c71de0a0461a6ca",
            "timeouts": null,
            "to_port": 3306,
            "type": "egress"
          },
          "sensitive_attributes": [],
          "private": "eyJlMmJmYjczMC1lY2FhLTExZTYtOGY4OC0zNDM2M2JjN2M0YzAiOnsiY3JlYXRlIjozMDAwMDAwMDAwMDB9LCJzY2hlbWFfdmVyc2lvbiI6IjIifQ==",
          "dependencies": [
            "aws_security_group.mysql_sg",
            "aws_security_group.webapp_sg",
            "aws_vpc.main"
          ]
        }
      ]
    },
    {
      "mode": "managed",
      "type": "aws_subnet",
      "name": "private_subnet",
      "provider": "provider[\"registry.terraform.io/hashicorp/aws\"]",
      "instances": [
        {
          "schema_version": 1,
          "attributes": {
            "arn": "arn:aws:ec2:us-east-2:216989117911:subnet/subnet-00e1d01a9851659e0",
            "assign_ipv6_address_on_creation": false,
            "availability_zone": "us-east-2c",
            "availability_zone_id": "use2-az3",
            "cidr_block": "10.0.2.0/24",
            "customer_owned_ipv4_pool": "",
            "enable_dns64": false,
            "enable_lni_at_device_index": 0,
            "enable_resource_name_dns_a_record_on_launch": false,
            "enable_resource_name_dns_aaaa_record_on_launch": false,
            "id": "subnet-00e1d01a9851659e0",
            "ipv6_cidr_block": "",
            "ipv6_cidr_block_association_id": "",
            "ipv6_native": false,
            "map_customer_owned_ip_on_launch": false,
            "map_public_ip_on_launch": false,
            "outpost_arn": "",
            "owner_id": "216989117911",
            "private_dns_hostname_type_on_launch": "ip-name",
            "tags": null,
            "tags_all": {},
            "timeouts": null,
            "vpc_id": "vpc-0dcd428b828a5e21a"
          },
          "sensitive_attributes": [],
          "private": "eyJlMmJmYjczMC1lY2FhLTExZTYtOGY4OC0zNDM2M2JjN2M0YzAiOnsiY3JlYXRlIjo2MDAwMDAwMDAwMDAsImRlbGV0ZSI6MTIwMDAwMDAwMDAwMH0sInNjaGVtYV92ZXJzaW9uIjoiMSJ9",
          "dependencies": [
            "aws_vpc.main"
          ]
        }
      ]
    },
    {
      "mode": "managed",
      "type": "aws_subnet",
      "name": "public_subnet",
      "provider": "provider[\"registry.terraform.io/hashicorp/aws\"]",
      "instances": [
        {
          "schema_version": 1,
          "attributes": {
            "arn": "arn:aws:ec2:us-east-2:216989117911:subnet/subnet-0544b196e35e2ef91",
            "assign_ipv6_address_on_creation": false,
            "availability_zone": "us-east-2a",
            "availability_zone_id": "use2-az1",
            "cidr_block": "10.0.1.0/24",
            "customer_owned_ipv4_pool": "",
            "enable_dns64": false,
            "enable_lni_at_device_index": 0,
            "enable_resource_name_dns_a_record_on_launch": false,
            "enable_resource_name_dns_aaaa_record_on_launch": false,
            "id": "subnet-0544b196e35e2ef91",
            "ipv6_cidr_block": "",
            "ipv6_cidr_block_association_id": "",
            "ipv6_native": false,
            "map_customer_owned_ip_on_launch": false,
            "map_public_ip_on_launch": true,
            "outpost_arn": "",
            "owner_id": "216989117911",
            "private_dns_hostname_type_on_launch": "ip-name",
            "tags": null,
            "tags_all": {},
            "timeouts": null,
            "vpc_id": "vpc-0dcd428b828a5e21a"
          },
          "sensitive_attributes": [],
          "private": "eyJlMmJmYjczMC1lY2FhLTExZTYtOGY4OC0zNDM2M2JjN2M0YzAiOnsiY3JlYXRlIjo2MDAwMDAwMDAwMDAsImRlbGV0ZSI6MTIwMDAwMDAwMDAwMH0sInNjaGVtYV92ZXJzaW9uIjoiMSJ9",
          "dependencies": [
            "aws_vpc.main"
          ]
        }
      ]
    },
    {
      "mode": "managed",
      "type": "aws_vpc",
      "name": "main",
      "provider": "provider[\"registry.terraform.io/hashicorp/aws\"]",
      "instances": [
        {
          "schema_version": 1,
          "attributes": {
            "arn": "arn:aws:ec2:us-east-2:216989117911:vpc/vpc-0dcd428b828a5e21a",
            "assign_generated_ipv6_cidr_block": false,
            "cidr_block": "10.0.0.0/16",
            "default_network_acl_id": "acl-0f82829be03ebf518",
            "default_route_table_id": "rtb-049a19dca73ee8ad2",
            "default_security_group_id": "sg-0b50ca3af7865d4da",
            "dhcp_options_id": "dopt-066570b989fae9a85",
            "enable_classiclink": false,
            "enable_classiclink_dns_support": false,
            "enable_dns_hostnames": false,
            "enable_dns_support": true,
            "enable_network_address_usage_metrics": false,
            "id": "vpc-0dcd428b828a5e21a",
            "instance_tenancy": "default",
            "ipv4_ipam_pool_id": null,
            "ipv4_netmask_length": null,
            "ipv6_association_id": "",
            "ipv6_cidr_block": "",
            "ipv6_cidr_block_network_border_group": "",
            "ipv6_ipam_pool_id": "",
            "ipv6_netmask_length": 0,
            "main_route_table_id": "rtb-049a19dca73ee8ad2",
            "owner_id": "216989117911",
            "tags": null,
            "tags_all": {}
          },
          "sensitive_attributes": [],
          "private": "eyJzY2hlbWFfdmVyc2lvbiI6IjEifQ=="
        }
      ]
    },
    {
      "mode": "managed",
      "type": "local_file",
      "name": "private_key",
      "provider": "provider[\"registry.terraform.io/hashicorp/local\"]",
      "instances": [
        {
          "schema_version": 0,
          "attributes": {
            "content": "-----BEGIN RSA PRIVATE KEY-----\nMIIJKQIBAAKCAgEA3LsKWZb9oksQwWWPljS4wfl3SBx4HAzLxGj6SMDTgMMWpoHy\nyq0da5bW7PhAUgHAzEhv58mKWJki6fTFtrjtmWbW0ZRK4IUVJdYTfFNw974KFypp\nysq1mSL8r5NZPeEEo9YAnJQZfCiHYGiE5SNPPDSHo+9HjWuNqaIlzc8yaqvfVu+G\nE4fFDoy4M6GTpL/bCohV6dgvfcHRZ+q5DaAzh3w95NUg2kFUOtrE6/Xbx9kgalfI\n1BBRt3pyeYBhTYVOyCYb2EQY8al4lzEf54oPrOAlfR93kpsE+p7NYb7A2gucl86t\nwmj1JWAUze/BwIwQmclsJxZLKL/GfJzIMmu1DLZDeaelO6OM0V6rPW0kmuGoqoqz\nW34LBU/W+8AXoL+MIHRF/wXZ2YnBpvl3O8P5EDhVuAUKKvtRSEyf1myDpjTq+OuX\nHUzgceze8e58nc6q2Ipmbl2mWK4vQ71M7B4m2qFf1UUGtpdhR+2qWwxdIdVIMTkg\n533kLD+ogEmKV+0gs694sveXW+OzVitbQa0WVa3ELJsQrElBHAxRhPigu/IOCO4H\nsxueFWJnOKjfdW/jL0RoYx/W0v5xbG33rNoB8iw6sUywFi35ZwEChTp7zSORnL2a\nvW149UlCVcT8ikh8IsW3nSKfEW9RCZMPypjiIGUTHjjIHJOjZMftl5G4z6cCAwEA\nAQKCAgEAs6W7P71HAr6rjWu2WF7ifGUoMtWQ3+t+MIXsJihiO2sMVUpwK4qH5lfm\n5wkJeHUa0GioQ3LhmUhRhS6FeDi8kFyFvB9AbcmCs7+vLkHPMKNIHSCU58rh0BgM\npm17dYRdPWbgKo/Syh1GSS3n84Iwa+So/MCzcKM3sfdZY08eTnlCFcRuUBjxRe07\nwjHgM3c+tCzQF7mutWB4qWX9ZNyc88knqsXXrir7fcct/ImmbdoGquZ1ejsp9vW+\nk6rsBqbXvshdYz/ROWZf0lXWDKFuLppjiJmCvRxUChITQFl7JjvLIDbDbvXzh47S\nf+WBwM9+d1vbHVjkpO6ogiUsPvUwbPvikbDLR8Eb14F58TkiLC/HJPxqg1vsZsDz\nmVGcHd2UJe4c6UrX4WZ+t2mqFQChI+GXMexUuTo0kEdJkNWYo+w9goiOoP2gAR+Y\nKgXy03L0gjBFqUIjWKFcuNnmhIxdwDxp4cH5S6Fh1qdEJ+DKGusW7Y4Bhv5+vcSb\nkvowNYp7+9HEczrwnIDX6LuDoRxzlbTr7GRIK2orY6HK202Tn+2UlucxYOp4ghIl\n4siCOVQCDak+4whWUNnr5CeELGSV3DFIXB4eflDvPMjgRqdVm2F5XoCh0iwbFYG4\n8VAYxgBivU0weVIPsjskuC6KCQYztoKcu48HvxxcQYeryJkWg2ECggEBAOO/fOEK\n2LUQI1lqbuEMySmwDRKWlQXXUqoeGCQPh83zepnOOfhmQBzSRZBFfPaNt4EUwFPi\nxogUqHJbGCEelkpoh04/wyI2NF8+PNQrIW0yYD4sevfLqe3HjZE0a0IUftdOXLtq\nSqMOuj5z2EB37cmRlA4JOgR9UCIcEaGJoIbLjqWGhi0ZiGAciMXrNh0Bim1awK2Z\nEOD6ksDP3kZirDVZWnYaZTDwR1FAys/xZV1rol+0QRZhoIP2OxSEIrk4tyXY5RKl\n7xThjkQEzRuBSs257GY7NPtLOlVk7+ukrLrJ45UF1OQyDBI+SaYe8cwdEZdSEhIA\naCzvERLTQ2Usu1cCggEBAPgctFSewFjUzhgPaXNOe97SSZrh30kdhCJAvf6xUgQU\nPLH/0uBSNUXUCctdkjFKjdGVWsF5TXc559TOtXohQxf1aXDVs3IP7ukkn410OQBy\n+BDnx+zQH/aeVCshFmXeUdCw48/HgPpKcTB5RWlHwKy3v5JGvc6JUt4Wi1u87gFI\nF+nXRhoD2FXX2NiF3Y303fKvkwEKqPvDyiAmesYn5lmjFFfupc983x3Oe8r1Za31\ng7rOZ26DohWrTqrkbcYacGKNt0n+ulR1zr7DBhJHISoZ5xgIYoGi9a4aIp4X1cDp\nsmSI6rnCHorexkOyAl38APcZvIY3a/d+YF5sLFf6LDECggEALHs56Lo1mSeNv+kJ\nvurAX2QDKZ4/fOSRQKigDmr6Gz9yspeUuu89lmN7MrJftcf4Dz3+UmP4YpumSq+A\nBvfyYpYH10Cc3BG6KN//AXFrFejA42PMoJkml0piW/ng+QcHvwWPFwuriC1YMtpt\nYioKR1QnlpY2vqm6/O5+gw5eS/V15t5fVm+mMx9fl0hZSVEDuFgBSeabZVWLVB1F\nTHn5KHJLOMXu/Z/wTe5ZrkN3iMd87zRFghmPQDbXUyp7nbF2E+5Iz1uZVnq3TpGh\nfb3C3mtxwIXP00TeH8+XDG8dTV4hFPoOmoMr2GRR/iANGdCTnvpojRuHPT90Fjks\n8JXMAQKCAQEAgsQ2Mwc8n1UBjmLJFDHATY8Npij30wRQePEgchUpAedcmgAYN4x8\ncWIxC1M00u/VUSnjnGb/ciA91MZhlY3kW8NHoGWxXyOQqqZXxWkFBfySS+6tS13i\nCswl1llpAaWr/07Lst4WV1RW1dKEx9k+boml2UWZkjqER3MgXeh0lI5XtDJ2yw1N\nvui1bGEZhVESjW8GDp18tLzbUhiVysyKtqGh/jpUf8fznDUQv8aYoZftps5Ua0XL\nbppMKvub87ZJl1fTy5cKw6sXnSkSkR2WGCdwyhTZPjQSQoGZzzMGwNcq45vaAq+S\nA2Uon9M5Nim0pIeW+jJJoDamOf3PXUsIcQKCAQAJFHyqTmu8GssaY4jKlJ4prZ8/\ntQUwRve9biX7uuemMG6QqNtxePrS9MQv5hP9yLsLWK2QCb5d1mvy9wINIR3lE9Y4\nBfa93sglU6oEHvAIeh4EXawTOo91ueNsxiQ4sqALx1uYDWvTYwU/W167iHZ1f5WJ\nX/JYfRDxtzqiBVfiailYPEB1PlWodo3Rdbfr6xjK1X5rueylHw5NrcUHVa7wpJN6\n5J3xxtfwDpMUfBl3A0Edc2nUM+7a6RBhkw/9ZDDs5QbnJi/zmF0dQaUUfHv6PUqy\nGaUwCoq8+fMbyqB/5qcw5QSmyTD+3WKjkVWJTAJ3zDTMIFnFJ08D/0PwAzGt\n-----END RSA PRIVATE KEY-----\n",
            "content_base64": null,
            "content_base64sha256": "ZWl7EieojpqdWXSmXvnWYm9Hyo4BQTFSGxbagTDy+gs=",
            "content_base64sha512": "lrDB9YvAgHo3sU6TdKrD+wlbxIbfHgYjt2K0Y3bPU7JapUMXkmR3nlyh4+xjhHTQxeT3t3AnQT2JDUQTJjO/OQ==",
            "content_md5": "a59b537f6a4d73a5ffc74aad9dc3ae13",
            "content_sha1": "23c48c0fcd18cc63800e8ae834650a68c03855ae",
            "content_sha256": "65697b1227a88e9a9d5974a65ef9d6626f47ca8e014131521b16da8130f2fa0b",
            "content_sha512": "96b0c1f58bc0807a37b14e9374aac3fb095bc486df1e0623b762b46376cf53b25aa543179264779e5ca1e3ec638474d0c5e4f7b77027413d890d44132633bf39",
            "directory_permission": "0777",
            "file_permission": "0400",
            "filename": "./deployer-key.pem",
            "id": "23c48c0fcd18cc63800e8ae834650a68c03855ae",
            "sensitive_content": null,
            "source": null
          },
          "sensitive_attributes": [
            [
              {
                "type": "get_attr",
                "value": "content"
              }
            ],
            [
              {
                "type": "get_attr",
                "value": "sensitive_content"
              }
            ]
          ],
          "dependencies": [
            "tls_private_key.deployer"
          ]
        }
      ]
    },
    {
      "mode": "managed",
      "type": "tls_private_key",
      "name": "deployer",
      "provider": "provider[\"registry.terraform.io/hashicorp/tls\"]",
      "instances": [
        {
          "schema_version": 1,
          "attributes": {
            "algorithm": "RSA",
            "ecdsa_curve": "P224",
            "id": "f76821468938f834b9206f5c0c5f24c904d2d81e",
            "private_key_openssh": "-----BEGIN OPENSSH PRIVATE KEY-----\nb3BlbnNzaC1rZXktdjEAAAAABG5vbmUAAAAEbm9uZQAAAAAAAAABAAACFwAAAAdz\nc2gtcnNhAAAAAwEAAQAAAgEA3LsKWZb9oksQwWWPljS4wfl3SBx4HAzLxGj6SMDT\ngMMWpoHyyq0da5bW7PhAUgHAzEhv58mKWJki6fTFtrjtmWbW0ZRK4IUVJdYTfFNw\n974KFyppysq1mSL8r5NZPeEEo9YAnJQZfCiHYGiE5SNPPDSHo+9HjWuNqaIlzc8y\naqvfVu+GE4fFDoy4M6GTpL/bCohV6dgvfcHRZ+q5DaAzh3w95NUg2kFUOtrE6/Xb\nx9kgalfI1BBRt3pyeYBhTYVOyCYb2EQY8al4lzEf54oPrOAlfR93kpsE+p7NYb7A\n2gucl86twmj1JWAUze/BwIwQmclsJxZLKL/GfJzIMmu1DLZDeaelO6OM0V6rPW0k\nmuGoqoqzW34LBU/W+8AXoL+MIHRF/wXZ2YnBpvl3O8P5EDhVuAUKKvtRSEyf1myD\npjTq+OuXHUzgceze8e58nc6q2Ipmbl2mWK4vQ71M7B4m2qFf1UUGtpdhR+2qWwxd\nIdVIMTkg533kLD+ogEmKV+0gs694sveXW+OzVitbQa0WVa3ELJsQrElBHAxRhPig\nu/IOCO4HsxueFWJnOKjfdW/jL0RoYx/W0v5xbG33rNoB8iw6sUywFi35ZwEChTp7\nzSORnL2avW149UlCVcT8ikh8IsW3nSKfEW9RCZMPypjiIGUTHjjIHJOjZMftl5G4\nz6cAAAc4BSBdWgUgXVoAAAAHc3NoLXJzYQAAAgEA3LsKWZb9oksQwWWPljS4wfl3\nSBx4HAzLxGj6SMDTgMMWpoHyyq0da5bW7PhAUgHAzEhv58mKWJki6fTFtrjtmWbW\n0ZRK4IUVJdYTfFNw974KFyppysq1mSL8r5NZPeEEo9YAnJQZfCiHYGiE5SNPPDSH\no+9HjWuNqaIlzc8yaqvfVu+GE4fFDoy4M6GTpL/bCohV6dgvfcHRZ+q5DaAzh3w9\n5NUg2kFUOtrE6/Xbx9kgalfI1BBRt3pyeYBhTYVOyCYb2EQY8al4lzEf54oPrOAl\nfR93kpsE+p7NYb7A2gucl86twmj1JWAUze/BwIwQmclsJxZLKL/GfJzIMmu1DLZD\neaelO6OM0V6rPW0kmuGoqoqzW34LBU/W+8AXoL+MIHRF/wXZ2YnBpvl3O8P5EDhV\nuAUKKvtRSEyf1myDpjTq+OuXHUzgceze8e58nc6q2Ipmbl2mWK4vQ71M7B4m2qFf\n1UUGtpdhR+2qWwxdIdVIMTkg533kLD+ogEmKV+0gs694sveXW+OzVitbQa0WVa3E\nLJsQrElBHAxRhPigu/IOCO4HsxueFWJnOKjfdW/jL0RoYx/W0v5xbG33rNoB8iw6\nsUywFi35ZwEChTp7zSORnL2avW149UlCVcT8ikh8IsW3nSKfEW9RCZMPypjiIGUT\nHjjIHJOjZMftl5G4z6cAAAADAQABAAACAQCzpbs/vUcCvquNa7ZYXuJ8ZSgy1ZDf\n634whewmKGI7awxVSnAriofmV+bnCQl4dRrQaKhDcuGZSFGFLoV4OLyQXIW8H0Bt\nyYKzv68uQc8wo0gdIJTnyuHQGAymbXt1hF09ZuAqj9LKHUZJLefzgjBr5Kj8wLNw\nozex91ljTx5OeUIVxG5QGPFF7TvCMeAzdz60LNAXua61YHipZf1k3JzzySeqxdeu\nKvt9xy38iaZt2gaq5nV6Oyn29b6TquwGpte+yF1jP9E5Zl/SVdYMoW4ummOImYK9\nHFQKEhNAWXsmO8sgNsNu9fOHjtJ/5YHAz353W9sdWOSk7qiCJSw+9TBs++KRsMtH\nwRvXgXnxOSIsL8ck/GqDW+xmwPOZUZwd3ZQl7hzpStfhZn63aaoVAKEj4Zcx7FS5\nOjSQR0mQ1Zij7D2CiI6g/aABH5gqBfLTcvSCMEWpQiNYoVy42eaEjF3APGnhwflL\noWHWp0Qn4Moa6xbtjgGG/n69xJuS+jA1inv70cRzOvCcgNfou4OhHHOVtOvsZEgr\naitjocrbTZOf7ZSW5zFg6niCEiXiyII5VAINqT7jCFZQ2evkJ4QsZJXcMUhcHh5+\nUO88yOBGp1WbYXlegKHSLBsVgbjxUBjGAGK9TTB5Ug+yOyS4LooJBjO2gpy7jwe/\nHFxBh6vImRaDYQAAAQAJFHyqTmu8GssaY4jKlJ4prZ8/tQUwRve9biX7uuemMG6Q\nqNtxePrS9MQv5hP9yLsLWK2QCb5d1mvy9wINIR3lE9Y4Bfa93sglU6oEHvAIeh4E\nXawTOo91ueNsxiQ4sqALx1uYDWvTYwU/W167iHZ1f5WJX/JYfRDxtzqiBVfiailY\nPEB1PlWodo3Rdbfr6xjK1X5rueylHw5NrcUHVa7wpJN65J3xxtfwDpMUfBl3A0Ed\nc2nUM+7a6RBhkw/9ZDDs5QbnJi/zmF0dQaUUfHv6PUqyGaUwCoq8+fMbyqB/5qcw\n5QSmyTD+3WKjkVWJTAJ3zDTMIFnFJ08D/0PwAzGtAAABAQDjv3zhCti1ECNZam7h\nDMkpsA0SlpUF11KqHhgkD4fN83qZzjn4ZkAc0kWQRXz2jbeBFMBT4saIFKhyWxgh\nHpZKaIdOP8MiNjRfPjzUKyFtMmA+LHr3y6ntx42RNGtCFH7XTly7akqjDro+c9hA\nd+3JkZQOCToEfVAiHBGhiaCGy46lhoYtGYhgHIjF6zYdAYptWsCtmRDg+pLAz95G\nYqw1WVp2GmUw8EdRQMrP8WVda6JftEEWYaCD9jsUhCK5OLcl2OUSpe8U4Y5EBM0b\ngUrNuexmOzT7SzpVZO/rpKy6yeOVBdTkMgwSPkmmHvHMHRGXUhISAGgs7xES00Nl\nLLtXAAABAQD4HLRUnsBY1M4YD2lzTnve0kma4d9JHYQiQL3+sVIEFDyx/9LgUjVF\n1AnLXZIxSo3RlVrBeU13OefUzrV6IUMX9Wlw1bNyD+7pJJ+NdDkAcvgQ58fs0B/2\nnlQrIRZl3lHQsOPPx4D6SnEweUVpR8Cst7+SRr3OiVLeFotbvO4BSBfp10YaA9hV\n19jYhd2N9N3yr5MBCqj7w8ogJnrGJ+ZZoxRX7qXPfN8dznvK9WWt9YO6zmdug6IV\nq06q5G3GGnBijbdJ/rpUdc6+wwYSRyEqGecYCGKBovWuGiKeF9XA6bJkiOq5wh6K\n3sZDsgJd/AD3GbyGN2v3fmBebCxX+iwxAAAAAAEC\n-----END OPENSSH PRIVATE KEY-----\n",
            "private_key_pem": "-----BEGIN RSA PRIVATE KEY-----\nMIIJKQIBAAKCAgEA3LsKWZb9oksQwWWPljS4wfl3SBx4HAzLxGj6SMDTgMMWpoHy\nyq0da5bW7PhAUgHAzEhv58mKWJki6fTFtrjtmWbW0ZRK4IUVJdYTfFNw974KFypp\nysq1mSL8r5NZPeEEo9YAnJQZfCiHYGiE5SNPPDSHo+9HjWuNqaIlzc8yaqvfVu+G\nE4fFDoy4M6GTpL/bCohV6dgvfcHRZ+q5DaAzh3w95NUg2kFUOtrE6/Xbx9kgalfI\n1BBRt3pyeYBhTYVOyCYb2EQY8al4lzEf54oPrOAlfR93kpsE+p7NYb7A2gucl86t\nwmj1JWAUze/BwIwQmclsJxZLKL/GfJzIMmu1DLZDeaelO6OM0V6rPW0kmuGoqoqz\nW34LBU/W+8AXoL+MIHRF/wXZ2YnBpvl3O8P5EDhVuAUKKvtRSEyf1myDpjTq+OuX\nHUzgceze8e58nc6q2Ipmbl2mWK4vQ71M7B4m2qFf1UUGtpdhR+2qWwxdIdVIMTkg\n533kLD+ogEmKV+0gs694sveXW+OzVitbQa0WVa3ELJsQrElBHAxRhPigu/IOCO4H\nsxueFWJnOKjfdW/jL0RoYx/W0v5xbG33rNoB8iw6sUywFi35ZwEChTp7zSORnL2a\nvW149UlCVcT8ikh8IsW3nSKfEW9RCZMPypjiIGUTHjjIHJOjZMftl5G4z6cCAwEA\nAQKCAgEAs6W7P71HAr6rjWu2WF7ifGUoMtWQ3+t+MIXsJihiO2sMVUpwK4qH5lfm\n5wkJeHUa0GioQ3LhmUhRhS6FeDi8kFyFvB9AbcmCs7+vLkHPMKNIHSCU58rh0BgM\npm17dYRdPWbgKo/Syh1GSS3n84Iwa+So/MCzcKM3sfdZY08eTnlCFcRuUBjxRe07\nwjHgM3c+tCzQF7mutWB4qWX9ZNyc88knqsXXrir7fcct/ImmbdoGquZ1ejsp9vW+\nk6rsBqbXvshdYz/ROWZf0lXWDKFuLppjiJmCvRxUChITQFl7JjvLIDbDbvXzh47S\nf+WBwM9+d1vbHVjkpO6ogiUsPvUwbPvikbDLR8Eb14F58TkiLC/HJPxqg1vsZsDz\nmVGcHd2UJe4c6UrX4WZ+t2mqFQChI+GXMexUuTo0kEdJkNWYo+w9goiOoP2gAR+Y\nKgXy03L0gjBFqUIjWKFcuNnmhIxdwDxp4cH5S6Fh1qdEJ+DKGusW7Y4Bhv5+vcSb\nkvowNYp7+9HEczrwnIDX6LuDoRxzlbTr7GRIK2orY6HK202Tn+2UlucxYOp4ghIl\n4siCOVQCDak+4whWUNnr5CeELGSV3DFIXB4eflDvPMjgRqdVm2F5XoCh0iwbFYG4\n8VAYxgBivU0weVIPsjskuC6KCQYztoKcu48HvxxcQYeryJkWg2ECggEBAOO/fOEK\n2LUQI1lqbuEMySmwDRKWlQXXUqoeGCQPh83zepnOOfhmQBzSRZBFfPaNt4EUwFPi\nxogUqHJbGCEelkpoh04/wyI2NF8+PNQrIW0yYD4sevfLqe3HjZE0a0IUftdOXLtq\nSqMOuj5z2EB37cmRlA4JOgR9UCIcEaGJoIbLjqWGhi0ZiGAciMXrNh0Bim1awK2Z\nEOD6ksDP3kZirDVZWnYaZTDwR1FAys/xZV1rol+0QRZhoIP2OxSEIrk4tyXY5RKl\n7xThjkQEzRuBSs257GY7NPtLOlVk7+ukrLrJ45UF1OQyDBI+SaYe8cwdEZdSEhIA\naCzvERLTQ2Usu1cCggEBAPgctFSewFjUzhgPaXNOe97SSZrh30kdhCJAvf6xUgQU\nPLH/0uBSNUXUCctdkjFKjdGVWsF5TXc559TOtXohQxf1aXDVs3IP7ukkn410OQBy\n+BDnx+zQH/aeVCshFmXeUdCw48/HgPpKcTB5RWlHwKy3v5JGvc6JUt4Wi1u87gFI\nF+nXRhoD2FXX2NiF3Y303fKvkwEKqPvDyiAmesYn5lmjFFfupc983x3Oe8r1Za31\ng7rOZ26DohWrTqrkbcYacGKNt0n+ulR1zr7DBhJHISoZ5xgIYoGi9a4aIp4X1cDp\nsmSI6rnCHorexkOyAl38APcZvIY3a/d+YF5sLFf6LDECggEALHs56Lo1mSeNv+kJ\nvurAX2QDKZ4/fOSRQKigDmr6Gz9yspeUuu89lmN7MrJftcf4Dz3+UmP4YpumSq+A\nBvfyYpYH10Cc3BG6KN//AXFrFejA42PMoJkml0piW/ng+QcHvwWPFwuriC1YMtpt\nYioKR1QnlpY2vqm6/O5+gw5eS/V15t5fVm+mMx9fl0hZSVEDuFgBSeabZVWLVB1F\nTHn5KHJLOMXu/Z/wTe5ZrkN3iMd87zRFghmPQDbXUyp7nbF2E+5Iz1uZVnq3TpGh\nfb3C3mtxwIXP00TeH8+XDG8dTV4hFPoOmoMr2GRR/iANGdCTnvpojRuHPT90Fjks\n8JXMAQKCAQEAgsQ2Mwc8n1UBjmLJFDHATY8Npij30wRQePEgchUpAedcmgAYN4x8\ncWIxC1M00u/VUSnjnGb/ciA91MZhlY3kW8NHoGWxXyOQqqZXxWkFBfySS+6tS13i\nCswl1llpAaWr/07Lst4WV1RW1dKEx9k+boml2UWZkjqER3MgXeh0lI5XtDJ2yw1N\nvui1bGEZhVESjW8GDp18tLzbUhiVysyKtqGh/jpUf8fznDUQv8aYoZftps5Ua0XL\nbppMKvub87ZJl1fTy5cKw6sXnSkSkR2WGCdwyhTZPjQSQoGZzzMGwNcq45vaAq+S\nA2Uon9M5Nim0pIeW+jJJoDamOf3PXUsIcQKCAQAJFHyqTmu8GssaY4jKlJ4prZ8/\ntQUwRve9biX7uuemMG6QqNtxePrS9MQv5hP9yLsLWK2QCb5d1mvy9wINIR3lE9Y4\nBfa93sglU6oEHvAIeh4EXawTOo91ueNsxiQ4sqALx1uYDWvTYwU/W167iHZ1f5WJ\nX/JYfRDxtzqiBVfiailYPEB1PlWodo3Rdbfr6xjK1X5rueylHw5NrcUHVa7wpJN6\n5J3xxtfwDpMUfBl3A0Edc2nUM+7a6RBhkw/9ZDDs5QbnJi/zmF0dQaUUfHv6PUqy\nGaUwCoq8+fMbyqB/5qcw5QSmyTD+3WKjkVWJTAJ3zDTMIFnFJ08D/0PwAzGt\n-----END RSA PRIVATE KEY-----\n",
            "private_key_pem_pkcs8": "-----BEGIN PRIVATE KEY-----\nMIIJQwIBADANBgkqhkiG9w0BAQEFAASCCS0wggkpAgEAAoICAQDcuwpZlv2iSxDB\nZY+WNLjB+XdIHHgcDMvEaPpIwNOAwxamgfLKrR1rltbs+EBSAcDMSG/nyYpYmSLp\n9MW2uO2ZZtbRlErghRUl1hN8U3D3vgoXKmnKyrWZIvyvk1k94QSj1gCclBl8KIdg\naITlI088NIej70eNa42poiXNzzJqq99W74YTh8UOjLgzoZOkv9sKiFXp2C99wdFn\n6rkNoDOHfD3k1SDaQVQ62sTr9dvH2SBqV8jUEFG3enJ5gGFNhU7IJhvYRBjxqXiX\nMR/nig+s4CV9H3eSmwT6ns1hvsDaC5yXzq3CaPUlYBTN78HAjBCZyWwnFksov8Z8\nnMgya7UMtkN5p6U7o4zRXqs9bSSa4aiqirNbfgsFT9b7wBegv4wgdEX/BdnZicGm\n+Xc7w/kQOFW4BQoq+1FITJ/WbIOmNOr465cdTOBx7N7x7nydzqrYimZuXaZYri9D\nvUzsHibaoV/VRQa2l2FH7apbDF0h1UgxOSDnfeQsP6iASYpX7SCzr3iy95db47NW\nK1tBrRZVrcQsmxCsSUEcDFGE+KC78g4I7gezG54VYmc4qN91b+MvRGhjH9bS/nFs\nbfes2gHyLDqxTLAWLflnAQKFOnvNI5GcvZq9bXj1SUJVxPyKSHwixbedIp8Rb1EJ\nkw/KmOIgZRMeOMgck6Nkx+2XkbjPpwIDAQABAoICAQCzpbs/vUcCvquNa7ZYXuJ8\nZSgy1ZDf634whewmKGI7awxVSnAriofmV+bnCQl4dRrQaKhDcuGZSFGFLoV4OLyQ\nXIW8H0BtyYKzv68uQc8wo0gdIJTnyuHQGAymbXt1hF09ZuAqj9LKHUZJLefzgjBr\n5Kj8wLNwozex91ljTx5OeUIVxG5QGPFF7TvCMeAzdz60LNAXua61YHipZf1k3Jzz\nySeqxdeuKvt9xy38iaZt2gaq5nV6Oyn29b6TquwGpte+yF1jP9E5Zl/SVdYMoW4u\nmmOImYK9HFQKEhNAWXsmO8sgNsNu9fOHjtJ/5YHAz353W9sdWOSk7qiCJSw+9TBs\n++KRsMtHwRvXgXnxOSIsL8ck/GqDW+xmwPOZUZwd3ZQl7hzpStfhZn63aaoVAKEj\n4Zcx7FS5OjSQR0mQ1Zij7D2CiI6g/aABH5gqBfLTcvSCMEWpQiNYoVy42eaEjF3A\nPGnhwflLoWHWp0Qn4Moa6xbtjgGG/n69xJuS+jA1inv70cRzOvCcgNfou4OhHHOV\ntOvsZEgraitjocrbTZOf7ZSW5zFg6niCEiXiyII5VAINqT7jCFZQ2evkJ4QsZJXc\nMUhcHh5+UO88yOBGp1WbYXlegKHSLBsVgbjxUBjGAGK9TTB5Ug+yOyS4LooJBjO2\ngpy7jwe/HFxBh6vImRaDYQKCAQEA47984QrYtRAjWWpu4QzJKbANEpaVBddSqh4Y\nJA+HzfN6mc45+GZAHNJFkEV89o23gRTAU+LGiBSoclsYIR6WSmiHTj/DIjY0Xz48\n1CshbTJgPix698up7ceNkTRrQhR+105cu2pKow66PnPYQHftyZGUDgk6BH1QIhwR\noYmghsuOpYaGLRmIYByIxes2HQGKbVrArZkQ4PqSwM/eRmKsNVladhplMPBHUUDK\nz/FlXWuiX7RBFmGgg/Y7FIQiuTi3JdjlEqXvFOGORATNG4FKzbnsZjs0+0s6VWTv\n66SsusnjlQXU5DIMEj5Jph7xzB0Rl1ISEgBoLO8REtNDZSy7VwKCAQEA+By0VJ7A\nWNTOGA9pc0573tJJmuHfSR2EIkC9/rFSBBQ8sf/S4FI1RdQJy12SMUqN0ZVawXlN\ndznn1M61eiFDF/VpcNWzcg/u6SSfjXQ5AHL4EOfH7NAf9p5UKyEWZd5R0LDjz8eA\n+kpxMHlFaUfArLe/kka9zolS3haLW7zuAUgX6ddGGgPYVdfY2IXdjfTd8q+TAQqo\n+8PKICZ6xifmWaMUV+6lz3zfHc57yvVlrfWDus5nboOiFatOquRtxhpwYo23Sf66\nVHXOvsMGEkchKhnnGAhigaL1rhoinhfVwOmyZIjqucIeit7GQ7ICXfwA9xm8hjdr\n935gXmwsV/osMQKCAQAseznoujWZJ42/6Qm+6sBfZAMpnj985JFAqKAOavobP3Ky\nl5S67z2WY3sysl+1x/gPPf5SY/him6ZKr4AG9/JilgfXQJzcEboo3/8BcWsV6MDj\nY8ygmSaXSmJb+eD5Bwe/BY8XC6uILVgy2m1iKgpHVCeWlja+qbr87n6DDl5L9XXm\n3l9Wb6YzH1+XSFlJUQO4WAFJ5ptlVYtUHUVMefkocks4xe79n/BN7lmuQ3eIx3zv\nNEWCGY9ANtdTKnudsXYT7kjPW5lWerdOkaF9vcLea3HAhc/TRN4fz5cMbx1NXiEU\n+g6agyvYZFH+IA0Z0JOe+miNG4c9P3QWOSzwlcwBAoIBAQCCxDYzBzyfVQGOYskU\nMcBNjw2mKPfTBFB48SByFSkB51yaABg3jHxxYjELUzTS79VRKeOcZv9yID3UxmGV\njeRbw0egZbFfI5CqplfFaQUF/JJL7q1LXeIKzCXWWWkBpav/Tsuy3hZXVFbV0oTH\n2T5uiaXZRZmSOoRHcyBd6HSUjle0MnbLDU2+6LVsYRmFURKNbwYOnXy0vNtSGJXK\nzIq2oaH+OlR/x/OcNRC/xpihl+2mzlRrRctumkwq+5vztkmXV9PLlwrDqxedKRKR\nHZYYJ3DKFNk+NBJCgZnPMwbA1yrjm9oCr5IDZSif0zk2KbSkh5b6MkmgNqY5/c9d\nSwhxAoIBAAkUfKpOa7wayxpjiMqUnimtnz+1BTBG971uJfu656YwbpCo23F4+tL0\nxC/mE/3IuwtYrZAJvl3Wa/L3Ag0hHeUT1jgF9r3eyCVTqgQe8Ah6HgRdrBM6j3W5\n42zGJDiyoAvHW5gNa9NjBT9bXruIdnV/lYlf8lh9EPG3OqIFV+JqKVg8QHU+Vah2\njdF1t+vrGMrVfmu57KUfDk2txQdVrvCkk3rknfHG1/AOkxR8GXcDQR1zadQz7trp\nEGGTD/1kMOzlBucmL/OYXR1BpRR8e/o9SrIZpTAKirz58xvKoH/mpzDlBKbJMP7d\nYqORVYlMAnfMNMwgWcUnTwP/Q/ADMa0=\n-----END PRIVATE KEY-----\n",
            "public_key_fingerprint_md5": "d0:61:dd:0d:cf:c0:6e:a2:99:91:ac:39:63:c3:ae:31",
            "public_key_fingerprint_sha256": "SHA256:ysETftdyNTdkfS+GjXQ+g3jRT2YRB3w9xKiG15H0hpM",
            "public_key_openssh": "ssh-rsa AAAAB3NzaC1yc2EAAAADAQABAAACAQDcuwpZlv2iSxDBZY+WNLjB+XdIHHgcDMvEaPpIwNOAwxamgfLKrR1rltbs+EBSAcDMSG/nyYpYmSLp9MW2uO2ZZtbRlErghRUl1hN8U3D3vgoXKmnKyrWZIvyvk1k94QSj1gCclBl8KIdgaITlI088NIej70eNa42poiXNzzJqq99W74YTh8UOjLgzoZOkv9sKiFXp2C99wdFn6rkNoDOHfD3k1SDaQVQ62sTr9dvH2SBqV8jUEFG3enJ5gGFNhU7IJhvYRBjxqXiXMR/nig+s4CV9H3eSmwT6ns1hvsDaC5yXzq3CaPUlYBTN78HAjBCZyWwnFksov8Z8nMgya7UMtkN5p6U7o4zRXqs9bSSa4aiqirNbfgsFT9b7wBegv4wgdEX/BdnZicGm+Xc7w/kQOFW4BQoq+1FITJ/WbIOmNOr465cdTOBx7N7x7nydzqrYimZuXaZYri9DvUzsHibaoV/VRQa2l2FH7apbDF0h1UgxOSDnfeQsP6iASYpX7SCzr3iy95db47NWK1tBrRZVrcQsmxCsSUEcDFGE+KC78g4I7gezG54VYmc4qN91b+MvRGhjH9bS/nFsbfes2gHyLDqxTLAWLflnAQKFOnvNI5GcvZq9bXj1SUJVxPyKSHwixbedIp8Rb1EJkw/KmOIgZRMeOMgck6Nkx+2XkbjPpw==\n",
            "public_key_pem": "-----BEGIN PUBLIC KEY-----\nMIICIjANBgkqhkiG9w0BAQEFAAOCAg8AMIICCgKCAgEA3LsKWZb9oksQwWWPljS4\nwfl3SBx4HAzLxGj6SMDTgMMWpoHyyq0da5bW7PhAUgHAzEhv58mKWJki6fTFtrjt\nmWbW0ZRK4IUVJdYTfFNw974KFyppysq1mSL8r5NZPeEEo9YAnJQZfCiHYGiE5SNP\nPDSHo+9HjWuNqaIlzc8yaqvfVu+GE4fFDoy4M6GTpL/bCohV6dgvfcHRZ+q5DaAz\nh3w95NUg2kFUOtrE6/Xbx9kgalfI1BBRt3pyeYBhTYVOyCYb2EQY8al4lzEf54oP\nrOAlfR93kpsE+p7NYb7A2gucl86twmj1JWAUze/BwIwQmclsJxZLKL/GfJzIMmu1\nDLZDeaelO6OM0V6rPW0kmuGoqoqzW34LBU/W+8AXoL+MIHRF/wXZ2YnBpvl3O8P5\nEDhVuAUKKvtRSEyf1myDpjTq+OuXHUzgceze8e58nc6q2Ipmbl2mWK4vQ71M7B4m\n2qFf1UUGtpdhR+2qWwxdIdVIMTkg533kLD+ogEmKV+0gs694sveXW+OzVitbQa0W\nVa3ELJsQrElBHAxRhPigu/IOCO4HsxueFWJnOKjfdW/jL0RoYx/W0v5xbG33rNoB\n8iw6sUywFi35ZwEChTp7zSORnL2avW149UlCVcT8ikh8IsW3nSKfEW9RCZMPypji\nIGUTHjjIHJOjZMftl5G4z6cCAwEAAQ==\n-----END PUBLIC KEY-----\n",
            "rsa_bits": 4096
          },
          "sensitive_attributes": [
            [
              {
                "type": "get_attr",
                "value": "private_key_pem_pkcs8"
              }
            ],
            [
              {
                "type": "get_attr",
                "value": "private_key_pem"
              }
            ],
            [
              {
                "type": "get_attr",
                "value": "private_key_openssh"
              }
            ]
          ]
        }
      ]
    }
  ],
  "check_results": null
}
